
Microsoft Visual Studio Solution File, Format Version 12.00
# Visual Studio 15
VisualStudioVersion = 15.0.27703.2000
MinimumVisualStudioVersion = 10.0.40219.1
Project("{8BC9CEB8-8B4A-11D0-8D11-00A0C91BC942}") = "quake2", "quake2.vcxproj", "{311C3C36-E612-47A7-B4E8-443ABF32CBA6}"
	ProjectSection(ProjectDependencies) = postProject
		{A3FC275F-39B9-4FFD-AFE2-D132CA644A4F} = {A3FC275F-39B9-4FFD-AFE2-D132CA644A4F}
		{3CFEFC8B-F59F-4194-97D7-43737A33199C} = {3CFEFC8B-F59F-4194-97D7-43737A33199C}
		{089318CF-012D-4723-BCAC-036EEF68344E} = {089318CF-012D-4723-BCAC-036EEF68344E}
		{B21C65E1-7AE4-43DD-A648-F8920414B75D} = {B21C65E1-7AE4-43DD-A648-F8920414B75D}
	EndProjectSection
EndProject
Project("{8BC9CEB8-8B4A-11D0-8D11-00A0C91BC942}") = "ref_gl", "ref_gl\ref_gl.vcxproj", "{B21C65E1-7AE4-43DD-A648-F8920414B75D}"
EndProject
Project("{8BC9CEB8-8B4A-11D0-8D11-00A0C91BC942}") = "game", "game\game.vcxproj", "{089318CF-012D-4723-BCAC-036EEF68344E}"
EndProject
Project("{8BC9CEB8-8B4A-11D0-8D11-00A0C91BC942}") = "ref_soft", "ref_soft\ref_soft.vcxproj", "{3CFEFC8B-F59F-4194-97D7-43737A33199C}"
EndProject
Project("{8BC9CEB8-8B4A-11D0-8D11-00A0C91BC942}") = "ref_vk", "ref_vk\ref_vk.vcxproj", "{A3FC275F-39B9-4FFD-AFE2-D132CA644A4F}"
EndProject
Project("{8BC9CEB8-8B4A-11D0-8D11-00A0C91BC942}") = "ctf", "ctf\ctf.vcxproj", "{54712CE2-B963-4D26-AD0F-D8BB8C1DF809}"
EndProject
Project("{8BC9CEB8-8B4A-11D0-8D11-00A0C91BC942}") = "rogue", "rogue\rogue.vcxproj", "{29241DC1-5C7C-4E21-93D9-0F3D425C8CEE}"
EndProject
Project("{8BC9CEB8-8B4A-11D0-8D11-00A0C91BC942}") = "xatrix", "xatrix\xatrix.vcxproj", "{8D454BFA-0C1F-4A04-A555-4F16AC557FAF}"
EndProject
Project("{8BC9CEB8-8B4A-11D0-8D11-00A0C91BC942}") = "zaero", "zaero\zaero.vcxproj", "{66900ACF-166A-404D-8C20-880009E4EC2D}"
EndProject
Global
	GlobalSection(SolutionConfigurationPlatforms) = preSolution
		Debug|x64 = Debug|x64
		Debug|x86 = Debug|x86
		Release|x64 = Release|x64
		Release|x86 = Release|x86
	EndGlobalSection
	GlobalSection(ProjectConfigurationPlatforms) = postSolution
		{311C3C36-E612-47A7-B4E8-443ABF32CBA6}.Debug|x64.ActiveCfg = Debug|x64
		{311C3C36-E612-47A7-B4E8-443ABF32CBA6}.Debug|x64.Build.0 = Debug|x64
		{311C3C36-E612-47A7-B4E8-443ABF32CBA6}.Debug|x86.ActiveCfg = Debug|Win32
		{311C3C36-E612-47A7-B4E8-443ABF32CBA6}.Debug|x86.Build.0 = Debug|Win32
		{311C3C36-E612-47A7-B4E8-443ABF32CBA6}.Release|x64.ActiveCfg = Release|x64
		{311C3C36-E612-47A7-B4E8-443ABF32CBA6}.Release|x64.Build.0 = Release|x64
		{311C3C36-E612-47A7-B4E8-443ABF32CBA6}.Release|x86.ActiveCfg = Release|Win32
		{311C3C36-E612-47A7-B4E8-443ABF32CBA6}.Release|x86.Build.0 = Release|Win32
		{B21C65E1-7AE4-43DD-A648-F8920414B75D}.Debug|x64.ActiveCfg = Debug|x64
		{B21C65E1-7AE4-43DD-A648-F8920414B75D}.Debug|x64.Build.0 = Debug|x64
		{B21C65E1-7AE4-43DD-A648-F8920414B75D}.Debug|x86.ActiveCfg = Debug|Win32
		{B21C65E1-7AE4-43DD-A648-F8920414B75D}.Debug|x86.Build.0 = Debug|Win32
		{B21C65E1-7AE4-43DD-A648-F8920414B75D}.Release|x64.ActiveCfg = Release|x64
		{B21C65E1-7AE4-43DD-A648-F8920414B75D}.Release|x64.Build.0 = Release|x64
		{B21C65E1-7AE4-43DD-A648-F8920414B75D}.Release|x86.ActiveCfg = Release|Win32
		{B21C65E1-7AE4-43DD-A648-F8920414B75D}.Release|x86.Build.0 = Release|Win32
		{089318CF-012D-4723-BCAC-036EEF68344E}.Debug|x64.ActiveCfg = Debug|x64
		{089318CF-012D-4723-BCAC-036EEF68344E}.Debug|x64.Build.0 = Debug|x64
		{089318CF-012D-4723-BCAC-036EEF68344E}.Debug|x86.ActiveCfg = Debug|Win32
		{089318CF-012D-4723-BCAC-036EEF68344E}.Debug|x86.Build.0 = Debug|Win32
		{089318CF-012D-4723-BCAC-036EEF68344E}.Release|x64.ActiveCfg = Release|x64
		{089318CF-012D-4723-BCAC-036EEF68344E}.Release|x64.Build.0 = Release|x64
		{089318CF-012D-4723-BCAC-036EEF68344E}.Release|x86.ActiveCfg = Release|Win32
		{089318CF-012D-4723-BCAC-036EEF68344E}.Release|x86.Build.0 = Release|Win32
		{3CFEFC8B-F59F-4194-97D7-43737A33199C}.Debug|x64.ActiveCfg = Debug|x64
		{3CFEFC8B-F59F-4194-97D7-43737A33199C}.Debug|x64.Build.0 = Debug|x64
		{3CFEFC8B-F59F-4194-97D7-43737A33199C}.Debug|x86.ActiveCfg = Debug|Win32
		{3CFEFC8B-F59F-4194-97D7-43737A33199C}.Debug|x86.Build.0 = Debug|Win32
		{3CFEFC8B-F59F-4194-97D7-43737A33199C}.Release|x64.ActiveCfg = Release|x64
		{3CFEFC8B-F59F-4194-97D7-43737A33199C}.Release|x64.Build.0 = Release|x64
		{3CFEFC8B-F59F-4194-97D7-43737A33199C}.Release|x86.ActiveCfg = Release|Win32
		{3CFEFC8B-F59F-4194-97D7-43737A33199C}.Release|x86.Build.0 = Release|Win32
		{A3FC275F-39B9-4FFD-AFE2-D132CA644A4F}.Debug|x64.ActiveCfg = Debug|x64
		{A3FC275F-39B9-4FFD-AFE2-D132CA644A4F}.Debug|x64.Build.0 = Debug|x64
		{A3FC275F-39B9-4FFD-AFE2-D132CA644A4F}.Debug|x86.ActiveCfg = Debug|Win32
		{A3FC275F-39B9-4FFD-AFE2-D132CA644A4F}.Debug|x86.Build.0 = Debug|Win32
		{A3FC275F-39B9-4FFD-AFE2-D132CA644A4F}.Release|x64.ActiveCfg = Release|x64
		{A3FC275F-39B9-4FFD-AFE2-D132CA644A4F}.Release|x64.Build.0 = Release|x64
		{A3FC275F-39B9-4FFD-AFE2-D132CA644A4F}.Release|x86.ActiveCfg = Release|Win32
		{A3FC275F-39B9-4FFD-AFE2-D132CA644A4F}.Release|x86.Build.0 = Release|Win32
		{54712CE2-B963-4D26-AD0F-D8BB8C1DF809}.Debug|x64.ActiveCfg = Debug|x64
		{54712CE2-B963-4D26-AD0F-D8BB8C1DF809}.Debug|x64.Build.0 = Debug|x64
		{54712CE2-B963-4D26-AD0F-D8BB8C1DF809}.Debug|x86.ActiveCfg = Debug|Win32
		{54712CE2-B963-4D26-AD0F-D8BB8C1DF809}.Debug|x86.Build.0 = Debug|Win32
		{54712CE2-B963-4D26-AD0F-D8BB8C1DF809}.Release|x64.ActiveCfg = Release|x64
		{54712CE2-B963-4D26-AD0F-D8BB8C1DF809}.Release|x64.Build.0 = Release|x64
		{54712CE2-B963-4D26-AD0F-D8BB8C1DF809}.Release|x86.ActiveCfg = Release|Win32
		{54712CE2-B963-4D26-AD0F-D8BB8C1DF809}.Release|x86.Build.0 = Release|Win32
		{29241DC1-5C7C-4E21-93D9-0F3D425C8CEE}.Debug|x64.ActiveCfg = Debug|x64
		{29241DC1-5C7C-4E21-93D9-0F3D425C8CEE}.Debug|x64.Build.0 = Debug|x64
		{29241DC1-5C7C-4E21-93D9-0F3D425C8CEE}.Debug|x86.ActiveCfg = Debug|Win32
		{29241DC1-5C7C-4E21-93D9-0F3D425C8CEE}.Debug|x86.Build.0 = Debug|Win32
		{29241DC1-5C7C-4E21-93D9-0F3D425C8CEE}.Release|x64.ActiveCfg = Release|x64
		{29241DC1-5C7C-4E21-93D9-0F3D425C8CEE}.Release|x64.Build.0 = Release|x64
		{29241DC1-5C7C-4E21-93D9-0F3D425C8CEE}.Release|x86.ActiveCfg = Release|Win32
		{29241DC1-5C7C-4E21-93D9-0F3D425C8CEE}.Release|x86.Build.0 = Release|Win32
		{8D454BFA-0C1F-4A04-A555-4F16AC557FAF}.Debug|x64.ActiveCfg = Debug|x64
		{8D454BFA-0C1F-4A04-A555-4F16AC557FAF}.Debug|x64.Build.0 = Debug|x64
		{8D454BFA-0C1F-4A04-A555-4F16AC557FAF}.Debug|x86.ActiveCfg = Debug|Win32
		{8D454BFA-0C1F-4A04-A555-4F16AC557FAF}.Debug|x86.Build.0 = Debug|Win32
		{8D454BFA-0C1F-4A04-A555-4F16AC557FAF}.Release|x64.ActiveCfg = Release|x64
		{8D454BFA-0C1F-4A04-A555-4F16AC557FAF}.Release|x64.Build.0 = Release|x64
		{8D454BFA-0C1F-4A04-A555-4F16AC557FAF}.Release|x86.ActiveCfg = Release|Win32
		{8D454BFA-0C1F-4A04-A555-4F16AC557FAF}.Release|x86.Build.0 = Release|Win32
		{66900ACF-166A-404D-8C20-880009E4EC2D}.Debug|x64.ActiveCfg = Debug|x64
		{66900ACF-166A-404D-8C20-880009E4EC2D}.Debug|x64.Build.0 = Debug|x64
		{66900ACF-166A-404D-8C20-880009E4EC2D}.Debug|x86.ActiveCfg = Debug|Win32
		{66900ACF-166A-404D-8C20-880009E4EC2D}.Debug|x86.Build.0 = Debug|Win32
		{66900ACF-166A-404D-8C20-880009E4EC2D}.Release|x64.ActiveCfg = Release|x64
		{66900ACF-166A-404D-8C20-880009E4EC2D}.Release|x64.Build.0 = Release|x64
		{66900ACF-166A-404D-8C20-880009E4EC2D}.Release|x86.ActiveCfg = Release|Win32
		{66900ACF-166A-404D-8C20-880009E4EC2D}.Release|x86.Build.0 = Release|Win32
	EndGlobalSection
	GlobalSection(SolutionProperties) = preSolution
		HideSolutionNode = FALSE
	EndGlobalSection
	GlobalSection(ExtensibilityGlobals) = postSolution
		SolutionGuid = {4EAC764F-CA43-49B7-9631-D23DC08F9D3A}
	EndGlobalSection
EndGlobal
