<?xml version="1.0" encoding="utf-8"?>
<Project ToolsVersion="4.0" xmlns="http://schemas.microsoft.com/developer/msbuild/2003">
  <ItemGroup>
    <Filter Include="Source Files">
      <UniqueIdentifier>{d9c9cd56-4120-4e2c-a9a4-0c98f9ce404e}</UniqueIdentifier>
      <Extensions>*.c</Extensions>
    </Filter>
    <Filter Include="Header Files">
      <UniqueIdentifier>{16a204db-14f7-4c2f-a422-3d8f4c112079}</UniqueIdentifier>
      <Extensions>*.h</Extensions>
    </Filter>
    <Filter Include="Resource Files">
      <UniqueIdentifier>{34d8b358-d696-436b-948c-51483e4f4fce}</UniqueIdentifier>
      <Extensions>*.def,*.res</Extensions>
    </Filter>
  </ItemGroup>
  <ItemGroup>
    <ClCompile Include="g_ai.c">
      <Filter>Source Files</Filter>
    </ClCompile>
    <ClCompile Include="g_camera.c">
      <Filter>Source Files</Filter>
    </ClCompile>
    <ClCompile Include="g_chase.c">
      <Filter>Source Files</Filter>
    </ClCompile>
    <ClCompile Include="g_cmds.c">
      <Filter>Source Files</Filter>
    </ClCompile>
    <ClCompile Include="g_combat.c">
      <Filter>Source Files</Filter>
    </ClCompile>
    <ClCompile Include="g_crane.c">
      <Filter>Source Files</Filter>
    </ClCompile>
    <ClCompile Include="g_fog.c">
      <Filter>Source Files</Filter>
    </ClCompile>
    <ClCompile Include="g_func.c">
      <Filter>Source Files</Filter>
    </ClCompile>
    <ClCompile Include="g_items.c">
      <Filter>Source Files</Filter>
    </ClCompile>
    <ClCompile Include="g_jetpack.c">
      <Filter>Source Files</Filter>
    </ClCompile>
    <ClCompile Include="g_lights.c">
      <Filter>Source Files</Filter>
    </ClCompile>
    <ClCompile Include="g_lock.c">
      <Filter>Source Files</Filter>
    </ClCompile>
    <ClCompile Include="g_main.c">
      <Filter>Source Files</Filter>
    </ClCompile>
    <ClCompile Include="g_misc.c">
      <Filter>Source Files</Filter>
    </ClCompile>
    <ClCompile Include="g_model.c">
      <Filter>Source Files</Filter>
    </ClCompile>
    <ClCompile Include="g_monster.c">
      <Filter>Source Files</Filter>
    </ClCompile>
    <ClCompile Include="g_mtrain.c">
      <Filter>Source Files</Filter>
    </ClCompile>
    <ClCompile Include="g_newai.c">
      <Filter>Source Files</Filter>
    </ClCompile>
    <ClCompile Include="g_patchplayermodels.c">
      <Filter>Source Files</Filter>
    </ClCompile>
    <ClCompile Include="g_pendulum.c">
      <Filter>Source Files</Filter>
    </ClCompile>
    <ClCompile Include="g_phys.c">
      <Filter>Source Files</Filter>
    </ClCompile>
    <ClCompile Include="g_reflect.c">
      <Filter>Source Files</Filter>
    </ClCompile>
    <ClCompile Include="g_save.c">
      <Filter>Source Files</Filter>
    </ClCompile>
    <ClCompile Include="g_sound.c">
      <Filter>Source Files</Filter>
    </ClCompile>
    <ClCompile Include="g_spawn.c">
      <Filter>Source Files</Filter>
    </ClCompile>
    <ClCompile Include="g_svcmds.c">
      <Filter>Source Files</Filter>
    </ClCompile>
    <ClCompile Include="g_target.c">
      <Filter>Source Files</Filter>
    </ClCompile>
    <ClCompile Include="g_thing.c">
      <Filter>Source Files</Filter>
    </ClCompile>
    <ClCompile Include="g_tracktrain.c">
      <Filter>Source Files</Filter>
    </ClCompile>
    <ClCompile Include="g_trigger.c">
      <Filter>Source Files</Filter>
    </ClCompile>
    <ClCompile Include="g_turret.c">
      <Filter>Source Files</Filter>
    </ClCompile>
    <ClCompile Include="g_utils.c">
      <Filter>Source Files</Filter>
    </ClCompile>
    <ClCompile Include="g_vehicle.c">
      <Filter>Source Files</Filter>
    </ClCompile>
    <ClCompile Include="g_weapon.c">
      <Filter>Source Files</Filter>
    </ClCompile>
    <ClCompile Include="km_cvar.c">
      <Filter>Source Files</Filter>
    </ClCompile>
    <ClCompile Include="m_actor.c">
      <Filter>Source Files</Filter>
    </ClCompile>
    <ClCompile Include="m_actor_weap.c">
      <Filter>Source Files</Filter>
    </ClCompile>
    <ClCompile Include="m_berserk.c">
      <Filter>Source Files</Filter>
    </ClCompile>
    <ClCompile Include="m_boss2.c">
      <Filter>Source Files</Filter>
    </ClCompile>
    <ClCompile Include="m_boss3.c">
      <Filter>Source Files</Filter>
    </ClCompile>
    <ClCompile Include="m_boss31.c">
      <Filter>Source Files</Filter>
    </ClCompile>
    <ClCompile Include="m_boss32.c">
      <Filter>Source Files</Filter>
    </ClCompile>
    <ClCompile Include="m_brain.c">
      <Filter>Source Files</Filter>
    </ClCompile>
    <ClCompile Include="m_chick.c">
      <Filter>Source Files</Filter>
    </ClCompile>
    <ClCompile Include="m_flash.c">
      <Filter>Source Files</Filter>
    </ClCompile>
    <ClCompile Include="m_flipper.c">
      <Filter>Source Files</Filter>
    </ClCompile>
    <ClCompile Include="m_float.c">
      <Filter>Source Files</Filter>
    </ClCompile>
    <ClCompile Include="m_flyer.c">
      <Filter>Source Files</Filter>
    </ClCompile>
    <ClCompile Include="m_gladiator.c">
      <Filter>Source Files</Filter>
    </ClCompile>
    <ClCompile Include="m_gunner.c">
      <Filter>Source Files</Filter>
    </ClCompile>
    <ClCompile Include="m_hover.c">
      <Filter>Source Files</Filter>
    </ClCompile>
    <ClCompile Include="m_infantry.c">
      <Filter>Source Files</Filter>
    </ClCompile>
    <ClCompile Include="m_insane.c">
      <Filter>Source Files</Filter>
    </ClCompile>
    <ClCompile Include="m_medic.c">
      <Filter>Source Files</Filter>
    </ClCompile>
    <ClCompile Include="m_move.c">
      <Filter>Source Files</Filter>
    </ClCompile>
    <ClCompile Include="m_mutant.c">
      <Filter>Source Files</Filter>
    </ClCompile>
    <ClCompile Include="m_parasite.c">
      <Filter>Source Files</Filter>
    </ClCompile>
    <ClCompile Include="m_sentrybot.c">
      <Filter>Source Files</Filter>
    </ClCompile>
    <ClCompile Include="m_soldier.c">
      <Filter>Source Files</Filter>
    </ClCompile>
    <ClCompile Include="m_supertank.c">
      <Filter>Source Files</Filter>
    </ClCompile>
    <ClCompile Include="m_tank.c">
      <Filter>Source Files</Filter>
    </ClCompile>
    <ClCompile Include="p_chase.c">
      <Filter>Source Files</Filter>
    </ClCompile>
    <ClCompile Include="p_client.c">
      <Filter>Source Files</Filter>
    </ClCompile>
    <ClCompile Include="p_hud.c">
      <Filter>Source Files</Filter>
    </ClCompile>
    <ClCompile Include="p_menu.c">
      <Filter>Source Files</Filter>
    </ClCompile>
    <ClCompile Include="p_text.c">
      <Filter>Source Files</Filter>
    </ClCompile>
    <ClCompile Include="p_trail.c">
      <Filter>Source Files</Filter>
    </ClCompile>
    <ClCompile Include="p_view.c">
      <Filter>Source Files</Filter>
    </ClCompile>
    <ClCompile Include="p_weapon.c">
      <Filter>Source Files</Filter>
    </ClCompile>
    <ClCompile Include="q_shared.c">
      <Filter>Source Files</Filter>
    </ClCompile>
  </ItemGroup>
  <ItemGroup>
    <ClInclude Include="fmod.h">
      <Filter>Header Files</Filter>
    </ClInclude>
    <ClInclude Include="g_local.h">
      <Filter>Header Files</Filter>
    </ClInclude>
    <ClInclude Include="game.h">
      <Filter>Header Files</Filter>
    </ClInclude>
    <ClInclude Include="km_cvar.h">
      <Filter>Header Files</Filter>
    </ClInclude>
    <ClInclude Include="m_actor.h">
      <Filter>Header Files</Filter>
    </ClInclude>
    <ClInclude Include="m_berserk.h">
      <Filter>Header Files</Filter>
    </ClInclude>
    <ClInclude Include="m_boss2.h">
      <Filter>Header Files</Filter>
    </ClInclude>
    <ClInclude Include="m_boss31.h">
      <Filter>Header Files</Filter>
    </ClInclude>
    <ClInclude Include="m_boss32.h">
      <Filter>Header Files</Filter>
    </ClInclude>
    <ClInclude Include="m_brain.h">
      <Filter>Header Files</Filter>
    </ClInclude>
    <ClInclude Include="m_chick.h">
      <Filter>Header Files</Filter>
    </ClInclude>
    <ClInclude Include="m_flipper.h">
      <Filter>Header Files</Filter>
    </ClInclude>
    <ClInclude Include="m_float.h">
      <Filter>Header Files</Filter>
    </ClInclude>
    <ClInclude Include="m_flyer.h">
      <Filter>Header Files</Filter>
    </ClInclude>
    <ClInclude Include="m_gladiator.h">
      <Filter>Header Files</Filter>
    </ClInclude>
    <ClInclude Include="m_gunner.h">
      <Filter>Header Files</Filter>
    </ClInclude>
    <ClInclude Include="m_hover.h">
      <Filter>Header Files</Filter>
    </ClInclude>
    <ClInclude Include="m_infantry.h">
      <Filter>Header Files</Filter>
    </ClInclude>
    <ClInclude Include="m_insane.h">
      <Filter>Header Files</Filter>
    </ClInclude>
    <ClInclude Include="m_medic.h">
      <Filter>Header Files</Filter>
    </ClInclude>
    <ClInclude Include="m_mutant.h">
      <Filter>Header Files</Filter>
    </ClInclude>
    <ClInclude Include="m_parasite.h">
      <Filter>Header Files</Filter>
    </ClInclude>
    <ClInclude Include="m_player.h">
      <Filter>Header Files</Filter>
    </ClInclude>
    <ClInclude Include="m_rider.h">
      <Filter>Header Files</Filter>
    </ClInclude>
    <ClInclude Include="m_soldier.h">
      <Filter>Header Files</Filter>
    </ClInclude>
    <ClInclude Include="m_supertank.h">
      <Filter>Header Files</Filter>
    </ClInclude>
    <ClInclude Include="m_tank.h">
      <Filter>Header Files</Filter>
    </ClInclude>
    <ClInclude Include="p_menu.h">
      <Filter>Header Files</Filter>
    </ClInclude>
    <ClInclude Include="p_text.h">
      <Filter>Header Files</Filter>
    </ClInclude>
    <ClInclude Include="pak.h">
      <Filter>Header Files</Filter>
    </ClInclude>
    <ClInclude Include="q_shared.h">
      <Filter>Header Files</Filter>
    </ClInclude>
  </ItemGroup>
  <ItemGroup>
    <None Include="smd.def">
      <Filter>Resource Files</Filter>
    </None>
  </ItemGroup>
  <ItemGroup>
    <ResourceCompile Include="smd.rc" />
  </ItemGroup>
</Project>