// !$*UTF8*$!
{
	archiveVersion = 1;
	classes = {
	};
	objectVersion = 50;
	objects = {

/* Begin PBXBuildFile section */
		E2126E09228D518500D01586 /* m_boss31.h in Headers */ = {isa = PBXBuildFile; fileRef = E2126DEF228D518400D01586 /* m_boss31.h */; };
		E2126E0A228D518500D01586 /* m_gunner.h in Headers */ = {isa = PBXBuildFile; fileRef = E2126DF0228D518400D01586 /* m_gunner.h */; };
		E2126E0B228D518500D01586 /* m_insane.h in Headers */ = {isa = PBXBuildFile; fileRef = E2126DF1228D518400D01586 /* m_insane.h */; };
		E2126E0C228D518500D01586 /* m_berserk.h in Headers */ = {isa = PBXBuildFile; fileRef = E2126DF2228D518400D01586 /* m_berserk.h */; };
		E2126E0D228D518500D01586 /* m_boss32.h in Headers */ = {isa = PBXBuildFile; fileRef = E2126DF3228D518400D01586 /* m_boss32.h */; };
		E2126E0E228D518500D01586 /* m_rider.h in Headers */ = {isa = PBXBuildFile; fileRef = E2126DF4228D518400D01586 /* m_rider.h */; };
		E2126E0F228D518500D01586 /* m_infantry.h in Headers */ = {isa = PBXBuildFile; fileRef = E2126DF5228D518500D01586 /* m_infantry.h */; };
		E2126E10228D518500D01586 /* m_float.h in Headers */ = {isa = PBXBuildFile; fileRef = E2126DF6228D518500D01586 /* m_float.h */; };
		E2126E11228D518500D01586 /* m_soldier.h in Headers */ = {isa = PBXBuildFile; fileRef = E2126DF7228D518500D01586 /* m_soldier.h */; };
		E2126E12228D518500D01586 /* m_flyer.h in Headers */ = {isa = PBXBuildFile; fileRef = E2126DF8228D518500D01586 /* m_flyer.h */; };
		E2126E13228D518500D01586 /* q_shared.h in Headers */ = {isa = PBXBuildFile; fileRef = E2126DF9228D518500D01586 /* q_shared.h */; };
		E2126E14228D518500D01586 /* m_medic.h in Headers */ = {isa = PBXBuildFile; fileRef = E2126DFA228D518500D01586 /* m_medic.h */; };
		E2126E15228D518500D01586 /* m_player.h in Headers */ = {isa = PBXBuildFile; fileRef = E2126DFB228D518500D01586 /* m_player.h */; };
		E2126E16228D518500D01586 /* g_local.h in Headers */ = {isa = PBXBuildFile; fileRef = E2126DFC228D518500D01586 /* g_local.h */; };
		E2126E17228D518500D01586 /* m_mutant.h in Headers */ = {isa = PBXBuildFile; fileRef = E2126DFD228D518500D01586 /* m_mutant.h */; };
		E2126E18228D518500D01586 /* m_chick.h in Headers */ = {isa = PBXBuildFile; fileRef = E2126DFE228D518500D01586 /* m_chick.h */; };
		E2126E19228D518500D01586 /* m_parasite.h in Headers */ = {isa = PBXBuildFile; fileRef = E2126DFF228D518500D01586 /* m_parasite.h */; };
		E2126E1A228D518500D01586 /* m_flipper.h in Headers */ = {isa = PBXBuildFile; fileRef = E2126E00228D518500D01586 /* m_flipper.h */; };
		E2126E1B228D518500D01586 /* m_boss2.h in Headers */ = {isa = PBXBuildFile; fileRef = E2126E01228D518500D01586 /* m_boss2.h */; };
		E2126E1C228D518500D01586 /* m_gladiator.h in Headers */ = {isa = PBXBuildFile; fileRef = E2126E02228D518500D01586 /* m_gladiator.h */; };
		E2126E1D228D518500D01586 /* m_brain.h in Headers */ = {isa = PBXBuildFile; fileRef = E2126E03228D518500D01586 /* m_brain.h */; };
		E2126E1E228D518500D01586 /* m_actor.h in Headers */ = {isa = PBXBuildFile; fileRef = E2126E04228D518500D01586 /* m_actor.h */; };
		E2126E1F228D518500D01586 /* m_hover.h in Headers */ = {isa = PBXBuildFile; fileRef = E2126E05228D518500D01586 /* m_hover.h */; };
		E2126E20228D518500D01586 /* m_tank.h in Headers */ = {isa = PBXBuildFile; fileRef = E2126E06228D518500D01586 /* m_tank.h */; };
		E2126E21228D518500D01586 /* m_supertank.h in Headers */ = {isa = PBXBuildFile; fileRef = E2126E07228D518500D01586 /* m_supertank.h */; };
		E2126E22228D518500D01586 /* game.h in Headers */ = {isa = PBXBuildFile; fileRef = E2126E08228D518500D01586 /* game.h */; };
		E2126E61228D52D200D01586 /* dm_ball.c in Sources */ = {isa = PBXBuildFile; fileRef = E2126E23228D52D000D01586 /* dm_ball.c */; };
		E2126E62228D52D200D01586 /* m_insane.c in Sources */ = {isa = PBXBuildFile; fileRef = E2126E24228D52D000D01586 /* m_insane.c */; };
		E2126E63228D52D200D01586 /* p_view.c in Sources */ = {isa = PBXBuildFile; fileRef = E2126E25228D52D000D01586 /* p_view.c */; };
		E2126E64228D52D200D01586 /* m_soldier.c in Sources */ = {isa = PBXBuildFile; fileRef = E2126E26228D52D000D01586 /* m_soldier.c */; };
		E2126E65228D52D200D01586 /* m_chick.c in Sources */ = {isa = PBXBuildFile; fileRef = E2126E27228D52D000D01586 /* m_chick.c */; };
		E2126E66228D52D200D01586 /* m_brain.c in Sources */ = {isa = PBXBuildFile; fileRef = E2126E28228D52D000D01586 /* m_brain.c */; };
		E2126E67228D52D200D01586 /* g_trigger.c in Sources */ = {isa = PBXBuildFile; fileRef = E2126E29228D52D000D01586 /* g_trigger.c */; };
		E2126E68228D52D200D01586 /* g_turret.c in Sources */ = {isa = PBXBuildFile; fileRef = E2126E2A228D52D000D01586 /* g_turret.c */; };
		E2126E69228D52D200D01586 /* m_boss32.c in Sources */ = {isa = PBXBuildFile; fileRef = E2126E2B228D52D000D01586 /* m_boss32.c */; };
		E2126E6A228D52D200D01586 /* m_flipper.c in Sources */ = {isa = PBXBuildFile; fileRef = E2126E2C228D52D000D01586 /* m_flipper.c */; };
		E2126E6B228D52D200D01586 /* m_carrier.c in Sources */ = {isa = PBXBuildFile; fileRef = E2126E2D228D52D000D01586 /* m_carrier.c */; };
		E2126E6C228D52D200D01586 /* g_items.c in Sources */ = {isa = PBXBuildFile; fileRef = E2126E2E228D52D000D01586 /* g_items.c */; };
		E2126E6D228D52D200D01586 /* g_newai.c in Sources */ = {isa = PBXBuildFile; fileRef = E2126E2F228D52D000D01586 /* g_newai.c */; };
		E2126E6E228D52D200D01586 /* dm_tag.c in Sources */ = {isa = PBXBuildFile; fileRef = E2126E30228D52D000D01586 /* dm_tag.c */; };
		E2126E6F228D52D200D01586 /* g_chase.c in Sources */ = {isa = PBXBuildFile; fileRef = E2126E31228D52D000D01586 /* g_chase.c */; };
		E2126E70228D52D200D01586 /* p_weapon.c in Sources */ = {isa = PBXBuildFile; fileRef = E2126E32228D52D100D01586 /* p_weapon.c */; };
		E2126E71228D52D200D01586 /* g_phys.c in Sources */ = {isa = PBXBuildFile; fileRef = E2126E33228D52D100D01586 /* g_phys.c */; };
		E2126E72228D52D200D01586 /* m_parasite.c in Sources */ = {isa = PBXBuildFile; fileRef = E2126E34228D52D100D01586 /* m_parasite.c */; };
		E2126E73228D52D200D01586 /* g_utils.c in Sources */ = {isa = PBXBuildFile; fileRef = E2126E35228D52D100D01586 /* g_utils.c */; };
		E2126E74228D52D200D01586 /* q_shared.c in Sources */ = {isa = PBXBuildFile; fileRef = E2126E36228D52D100D01586 /* q_shared.c */; };
		E2126E75228D52D200D01586 /* m_stalker.c in Sources */ = {isa = PBXBuildFile; fileRef = E2126E37228D52D100D01586 /* m_stalker.c */; };
		E2126E76228D52D200D01586 /* m_gladiator.c in Sources */ = {isa = PBXBuildFile; fileRef = E2126E38228D52D100D01586 /* m_gladiator.c */; };
		E2126E77228D52D200D01586 /* m_widow2.c in Sources */ = {isa = PBXBuildFile; fileRef = E2126E39228D52D100D01586 /* m_widow2.c */; };
		E2126E78228D52D200D01586 /* g_svcmds.c in Sources */ = {isa = PBXBuildFile; fileRef = E2126E3A228D52D100D01586 /* g_svcmds.c */; };
		E2126E79228D52D200D01586 /* g_target.c in Sources */ = {isa = PBXBuildFile; fileRef = E2126E3B228D52D100D01586 /* g_target.c */; };
		E2126E7A228D52D200D01586 /* m_float.c in Sources */ = {isa = PBXBuildFile; fileRef = E2126E3C228D52D100D01586 /* m_float.c */; };
		E2126E7B228D52D200D01586 /* m_medic.c in Sources */ = {isa = PBXBuildFile; fileRef = E2126E3D228D52D100D01586 /* m_medic.c */; };
		E2126E7C228D52D200D01586 /* m_supertank.c in Sources */ = {isa = PBXBuildFile; fileRef = E2126E3E228D52D100D01586 /* m_supertank.c */; };
		E2126E7D228D52D200D01586 /* p_trail.c in Sources */ = {isa = PBXBuildFile; fileRef = E2126E3F228D52D100D01586 /* p_trail.c */; };
		E2126E7E228D52D200D01586 /* m_gunner.c in Sources */ = {isa = PBXBuildFile; fileRef = E2126E40228D52D100D01586 /* m_gunner.c */; };
		E2126E7F228D52D200D01586 /* m_flyer.c in Sources */ = {isa = PBXBuildFile; fileRef = E2126E41228D52D100D01586 /* m_flyer.c */; };
		E2126E80228D52D200D01586 /* m_flash.c in Sources */ = {isa = PBXBuildFile; fileRef = E2126E42228D52D100D01586 /* m_flash.c */; };
		E2126E81228D52D200D01586 /* g_weapon.c in Sources */ = {isa = PBXBuildFile; fileRef = E2126E43228D52D100D01586 /* g_weapon.c */; };
		E2126E82228D52D200D01586 /* g_cmds.c in Sources */ = {isa = PBXBuildFile; fileRef = E2126E44228D52D100D01586 /* g_cmds.c */; };
		E2126E83228D52D200D01586 /* g_spawn.c in Sources */ = {isa = PBXBuildFile; fileRef = E2126E45228D52D100D01586 /* g_spawn.c */; };
		E2126E84228D52D200D01586 /* g_ai.c in Sources */ = {isa = PBXBuildFile; fileRef = E2126E46228D52D100D01586 /* g_ai.c */; };
		E2126E85228D52D200D01586 /* m_widow.c in Sources */ = {isa = PBXBuildFile; fileRef = E2126E47228D52D100D01586 /* m_widow.c */; };
		E2126E86228D52D200D01586 /* g_newdm.c in Sources */ = {isa = PBXBuildFile; fileRef = E2126E48228D52D100D01586 /* g_newdm.c */; };
		E2126E87228D52D200D01586 /* m_boss3.c in Sources */ = {isa = PBXBuildFile; fileRef = E2126E49228D52D100D01586 /* m_boss3.c */; };
		E2126E88228D52D200D01586 /* g_sphere.c in Sources */ = {isa = PBXBuildFile; fileRef = E2126E4A228D52D100D01586 /* g_sphere.c */; };
		E2126E89228D52D200D01586 /* g_monster.c in Sources */ = {isa = PBXBuildFile; fileRef = E2126E4B228D52D100D01586 /* g_monster.c */; };
		E2126E8A228D52D200D01586 /* g_main.c in Sources */ = {isa = PBXBuildFile; fileRef = E2126E4C228D52D100D01586 /* g_main.c */; };
		E2126E8B228D52D200D01586 /* g_save.c in Sources */ = {isa = PBXBuildFile; fileRef = E2126E4D228D52D100D01586 /* g_save.c */; };
		E2126E8C228D52D200D01586 /* g_newtarg.c in Sources */ = {isa = PBXBuildFile; fileRef = E2126E4E228D52D100D01586 /* g_newtarg.c */; };
		E2126E8D228D52D200D01586 /* m_actor.c in Sources */ = {isa = PBXBuildFile; fileRef = E2126E4F228D52D100D01586 /* m_actor.c */; };
		E2126E8E228D52D200D01586 /* g_newfnc.c in Sources */ = {isa = PBXBuildFile; fileRef = E2126E50228D52D100D01586 /* g_newfnc.c */; };
		E2126E8F228D52D200D01586 /* p_client.c in Sources */ = {isa = PBXBuildFile; fileRef = E2126E51228D52D100D01586 /* p_client.c */; };
		E2126E90228D52D200D01586 /* m_boss31.c in Sources */ = {isa = PBXBuildFile; fileRef = E2126E52228D52D100D01586 /* m_boss31.c */; };
		E2126E91228D52D200D01586 /* p_hud.c in Sources */ = {isa = PBXBuildFile; fileRef = E2126E53228D52D200D01586 /* p_hud.c */; };
		E2126E92228D52D200D01586 /* m_move.c in Sources */ = {isa = PBXBuildFile; fileRef = E2126E54228D52D200D01586 /* m_move.c */; };
		E2126E93228D52D200D01586 /* g_misc.c in Sources */ = {isa = PBXBuildFile; fileRef = E2126E55228D52D200D01586 /* g_misc.c */; };
		E2126E94228D52D200D01586 /* m_tank.c in Sources */ = {isa = PBXBuildFile; fileRef = E2126E56228D52D200D01586 /* m_tank.c */; };
		E2126E95228D52D200D01586 /* m_hover.c in Sources */ = {isa = PBXBuildFile; fileRef = E2126E57228D52D200D01586 /* m_hover.c */; };
		E2126E96228D52D200D01586 /* m_mutant.c in Sources */ = {isa = PBXBuildFile; fileRef = E2126E58228D52D200D01586 /* m_mutant.c */; };
		E2126E97228D52D200D01586 /* m_turret.c in Sources */ = {isa = PBXBuildFile; fileRef = E2126E59228D52D200D01586 /* m_turret.c */; };
		E2126E98228D52D200D01586 /* m_berserk.c in Sources */ = {isa = PBXBuildFile; fileRef = E2126E5A228D52D200D01586 /* m_berserk.c */; };
		E2126E99228D52D200D01586 /* g_combat.c in Sources */ = {isa = PBXBuildFile; fileRef = E2126E5B228D52D200D01586 /* g_combat.c */; };
		E2126E9A228D52D200D01586 /* m_boss2.c in Sources */ = {isa = PBXBuildFile; fileRef = E2126E5C228D52D200D01586 /* m_boss2.c */; };
		E2126E9B228D52D200D01586 /* g_newtrig.c in Sources */ = {isa = PBXBuildFile; fileRef = E2126E5D228D52D200D01586 /* g_newtrig.c */; };
		E2126E9C228D52D200D01586 /* g_newweap.c in Sources */ = {isa = PBXBuildFile; fileRef = E2126E5E228D52D200D01586 /* g_newweap.c */; };
		E2126E9D228D52D200D01586 /* g_func.c in Sources */ = {isa = PBXBuildFile; fileRef = E2126E5F228D52D200D01586 /* g_func.c */; };
		E2126E9E228D52D200D01586 /* m_infantry.c in Sources */ = {isa = PBXBuildFile; fileRef = E2126E60228D52D200D01586 /* m_infantry.c */; };
		E2126EA4228D553200D01586 /* m_turret.h in Headers */ = {isa = PBXBuildFile; fileRef = E2126E9F228D553200D01586 /* m_turret.h */; };
		E2126EA5228D553200D01586 /* m_widow.h in Headers */ = {isa = PBXBuildFile; fileRef = E2126EA0228D553200D01586 /* m_widow.h */; };
		E2126EA6228D553200D01586 /* m_carrier.h in Headers */ = {isa = PBXBuildFile; fileRef = E2126EA1228D553200D01586 /* m_carrier.h */; };
		E2126EA7228D553200D01586 /* m_widow2.h in Headers */ = {isa = PBXBuildFile; fileRef = E2126EA2228D553200D01586 /* m_widow2.h */; };
		E2126EA8228D553200D01586 /* m_stalker.h in Headers */ = {isa = PBXBuildFile; fileRef = E2126EA3228D553200D01586 /* m_stalker.h */; };
/* End PBXBuildFile section */

/* Begin PBXFileReference section */
		E2126DEF228D518400D01586 /* m_boss31.h */ = {isa = PBXFileReference; fileEncoding = 4; lastKnownFileType = sourcecode.c.h; name = m_boss31.h; path = ../m_boss31.h; sourceTree = "<group>"; };
		E2126DF0228D518400D01586 /* m_gunner.h */ = {isa = PBXFileReference; fileEncoding = 4; lastKnownFileType = sourcecode.c.h; name = m_gunner.h; path = ../m_gunner.h; sourceTree = "<group>"; };
		E2126DF1228D518400D01586 /* m_insane.h */ = {isa = PBXFileReference; fileEncoding = 4; lastKnownFileType = sourcecode.c.h; name = m_insane.h; path = ../m_insane.h; sourceTree = "<group>"; };
		E2126DF2228D518400D01586 /* m_berserk.h */ = {isa = PBXFileReference; fileEncoding = 4; lastKnownFileType = sourcecode.c.h; name = m_berserk.h; path = ../m_berserk.h; sourceTree = "<group>"; };
		E2126DF3228D518400D01586 /* m_boss32.h */ = {isa = PBXFileReference; fileEncoding = 4; lastKnownFileType = sourcecode.c.h; name = m_boss32.h; path = ../m_boss32.h; sourceTree = "<group>"; };
		E2126DF4228D518400D01586 /* m_rider.h */ = {isa = PBXFileReference; fileEncoding = 4; lastKnownFileType = sourcecode.c.h; name = m_rider.h; path = ../m_rider.h; sourceTree = "<group>"; };
		E2126DF5228D518500D01586 /* m_infantry.h */ = {isa = PBXFileReference; fileEncoding = 4; lastKnownFileType = sourcecode.c.h; name = m_infantry.h; path = ../m_infantry.h; sourceTree = "<group>"; };
		E2126DF6228D518500D01586 /* m_float.h */ = {isa = PBXFileReference; fileEncoding = 4; lastKnownFileType = sourcecode.c.h; name = m_float.h; path = ../m_float.h; sourceTree = "<group>"; };
		E2126DF7228D518500D01586 /* m_soldier.h */ = {isa = PBXFileReference; fileEncoding = 4; lastKnownFileType = sourcecode.c.h; name = m_soldier.h; path = ../m_soldier.h; sourceTree = "<group>"; };
		E2126DF8228D518500D01586 /* m_flyer.h */ = {isa = PBXFileReference; fileEncoding = 4; lastKnownFileType = sourcecode.c.h; name = m_flyer.h; path = ../m_flyer.h; sourceTree = "<group>"; };
		E2126DF9228D518500D01586 /* q_shared.h */ = {isa = PBXFileReference; fileEncoding = 4; lastKnownFileType = sourcecode.c.h; name = q_shared.h; path = ../q_shared.h; sourceTree = "<group>"; };
		E2126DFA228D518500D01586 /* m_medic.h */ = {isa = PBXFileReference; fileEncoding = 4; lastKnownFileType = sourcecode.c.h; name = m_medic.h; path = ../m_medic.h; sourceTree = "<group>"; };
		E2126DFB228D518500D01586 /* m_player.h */ = {isa = PBXFileReference; fileEncoding = 4; lastKnownFileType = sourcecode.c.h; name = m_player.h; path = ../m_player.h; sourceTree = "<group>"; };
		E2126DFC228D518500D01586 /* g_local.h */ = {isa = PBXFileReference; fileEncoding = 4; lastKnownFileType = sourcecode.c.h; name = g_local.h; path = ../g_local.h; sourceTree = "<group>"; };
		E2126DFD228D518500D01586 /* m_mutant.h */ = {isa = PBXFileReference; fileEncoding = 4; lastKnownFileType = sourcecode.c.h; name = m_mutant.h; path = ../m_mutant.h; sourceTree = "<group>"; };
		E2126DFE228D518500D01586 /* m_chick.h */ = {isa = PBXFileReference; fileEncoding = 4; lastKnownFileType = sourcecode.c.h; name = m_chick.h; path = ../m_chick.h; sourceTree = "<group>"; };
		E2126DFF228D518500D01586 /* m_parasite.h */ = {isa = PBXFileReference; fileEncoding = 4; lastKnownFileType = sourcecode.c.h; name = m_parasite.h; path = ../m_parasite.h; sourceTree = "<group>"; };
		E2126E00228D518500D01586 /* m_flipper.h */ = {isa = PBXFileReference; fileEncoding = 4; lastKnownFileType = sourcecode.c.h; name = m_flipper.h; path = ../m_flipper.h; sourceTree = "<group>"; };
		E2126E01228D518500D01586 /* m_boss2.h */ = {isa = PBXFileReference; fileEncoding = 4; lastKnownFileType = sourcecode.c.h; name = m_boss2.h; path = ../m_boss2.h; sourceTree = "<group>"; };
		E2126E02228D518500D01586 /* m_gladiator.h */ = {isa = PBXFileReference; fileEncoding = 4; lastKnownFileType = sourcecode.c.h; name = m_gladiator.h; path = ../m_gladiator.h; sourceTree = "<group>"; };
		E2126E03228D518500D01586 /* m_brain.h */ = {isa = PBXFileReference; fileEncoding = 4; lastKnownFileType = sourcecode.c.h; name = m_brain.h; path = ../m_brain.h; sourceTree = "<group>"; };
		E2126E04228D518500D01586 /* m_actor.h */ = {isa = PBXFileReference; fileEncoding = 4; lastKnownFileType = sourcecode.c.h; name = m_actor.h; path = ../m_actor.h; sourceTree = "<group>"; };
		E2126E05228D518500D01586 /* m_hover.h */ = {isa = PBXFileReference; fileEncoding = 4; lastKnownFileType = sourcecode.c.h; name = m_hover.h; path = ../m_hover.h; sourceTree = "<group>"; };
		E2126E06228D518500D01586 /* m_tank.h */ = {isa = PBXFileReference; fileEncoding = 4; lastKnownFileType = sourcecode.c.h; name = m_tank.h; path = ../m_tank.h; sourceTree = "<group>"; };
		E2126E07228D518500D01586 /* m_supertank.h */ = {isa = PBXFileReference; fileEncoding = 4; lastKnownFileType = sourcecode.c.h; name = m_supertank.h; path = ../m_supertank.h; sourceTree = "<group>"; };
		E2126E08228D518500D01586 /* game.h */ = {isa = PBXFileReference; fileEncoding = 4; lastKnownFileType = sourcecode.c.h; name = game.h; path = ../game.h; sourceTree = "<group>"; };
		E2126E23228D52D000D01586 /* dm_ball.c */ = {isa = PBXFileReference; fileEncoding = 4; lastKnownFileType = sourcecode.c.c; name = dm_ball.c; path = ../dm_ball.c; sourceTree = "<group>"; };
		E2126E24228D52D000D01586 /* m_insane.c */ = {isa = PBXFileReference; fileEncoding = 4; lastKnownFileType = sourcecode.c.c; name = m_insane.c; path = ../m_insane.c; sourceTree = "<group>"; };
		E2126E25228D52D000D01586 /* p_view.c */ = {isa = PBXFileReference; fileEncoding = 4; lastKnownFileType = sourcecode.c.c; name = p_view.c; path = ../p_view.c; sourceTree = "<group>"; };
		E2126E26228D52D000D01586 /* m_soldier.c */ = {isa = PBXFileReference; fileEncoding = 4; lastKnownFileType = sourcecode.c.c; name = m_soldier.c; path = ../m_soldier.c; sourceTree = "<group>"; };
		E2126E27228D52D000D01586 /* m_chick.c */ = {isa = PBXFileReference; fileEncoding = 4; lastKnownFileType = sourcecode.c.c; name = m_chick.c; path = ../m_chick.c; sourceTree = "<group>"; };
		E2126E28228D52D000D01586 /* m_brain.c */ = {isa = PBXFileReference; fileEncoding = 4; lastKnownFileType = sourcecode.c.c; name = m_brain.c; path = ../m_brain.c; sourceTree = "<group>"; };
		E2126E29228D52D000D01586 /* g_trigger.c */ = {isa = PBXFileReference; fileEncoding = 4; lastKnownFileType = sourcecode.c.c; name = g_trigger.c; path = ../g_trigger.c; sourceTree = "<group>"; };
		E2126E2A228D52D000D01586 /* g_turret.c */ = {isa = PBXFileReference; fileEncoding = 4; lastKnownFileType = sourcecode.c.c; name = g_turret.c; path = ../g_turret.c; sourceTree = "<group>"; };
		E2126E2B228D52D000D01586 /* m_boss32.c */ = {isa = PBXFileReference; fileEncoding = 4; lastKnownFileType = sourcecode.c.c; name = m_boss32.c; path = ../m_boss32.c; sourceTree = "<group>"; };
		E2126E2C228D52D000D01586 /* m_flipper.c */ = {isa = PBXFileReference; fileEncoding = 4; lastKnownFileType = sourcecode.c.c; name = m_flipper.c; path = ../m_flipper.c; sourceTree = "<group>"; };
		E2126E2D228D52D000D01586 /* m_carrier.c */ = {isa = PBXFileReference; fileEncoding = 4; lastKnownFileType = sourcecode.c.c; name = m_carrier.c; path = ../m_carrier.c; sourceTree = "<group>"; };
		E2126E2E228D52D000D01586 /* g_items.c */ = {isa = PBXFileReference; fileEncoding = 4; lastKnownFileType = sourcecode.c.c; name = g_items.c; path = ../g_items.c; sourceTree = "<group>"; };
		E2126E2F228D52D000D01586 /* g_newai.c */ = {isa = PBXFileReference; fileEncoding = 4; lastKnownFileType = sourcecode.c.c; name = g_newai.c; path = ../g_newai.c; sourceTree = "<group>"; };
		E2126E30228D52D000D01586 /* dm_tag.c */ = {isa = PBXFileReference; fileEncoding = 4; lastKnownFileType = sourcecode.c.c; name = dm_tag.c; path = ../dm_tag.c; sourceTree = "<group>"; };
		E2126E31228D52D000D01586 /* g_chase.c */ = {isa = PBXFileReference; fileEncoding = 4; lastKnownFileType = sourcecode.c.c; name = g_chase.c; path = ../g_chase.c; sourceTree = "<group>"; };
		E2126E32228D52D100D01586 /* p_weapon.c */ = {isa = PBXFileReference; fileEncoding = 4; lastKnownFileType = sourcecode.c.c; name = p_weapon.c; path = ../p_weapon.c; sourceTree = "<group>"; };
		E2126E33228D52D100D01586 /* g_phys.c */ = {isa = PBXFileReference; fileEncoding = 4; lastKnownFileType = sourcecode.c.c; name = g_phys.c; path = ../g_phys.c; sourceTree = "<group>"; };
		E2126E34228D52D100D01586 /* m_parasite.c */ = {isa = PBXFileReference; fileEncoding = 4; lastKnownFileType = sourcecode.c.c; name = m_parasite.c; path = ../m_parasite.c; sourceTree = "<group>"; };
		E2126E35228D52D100D01586 /* g_utils.c */ = {isa = PBXFileReference; fileEncoding = 4; lastKnownFileType = sourcecode.c.c; name = g_utils.c; path = ../g_utils.c; sourceTree = "<group>"; };
		E2126E36228D52D100D01586 /* q_shared.c */ = {isa = PBXFileReference; fileEncoding = 4; lastKnownFileType = sourcecode.c.c; name = q_shared.c; path = ../q_shared.c; sourceTree = "<group>"; };
		E2126E37228D52D100D01586 /* m_stalker.c */ = {isa = PBXFileReference; fileEncoding = 4; lastKnownFileType = sourcecode.c.c; name = m_stalker.c; path = ../m_stalker.c; sourceTree = "<group>"; };
		E2126E38228D52D100D01586 /* m_gladiator.c */ = {isa = PBXFileReference; fileEncoding = 4; lastKnownFileType = sourcecode.c.c; name = m_gladiator.c; path = ../m_gladiator.c; sourceTree = "<group>"; };
		E2126E39228D52D100D01586 /* m_widow2.c */ = {isa = PBXFileReference; fileEncoding = 4; lastKnownFileType = sourcecode.c.c; name = m_widow2.c; path = ../m_widow2.c; sourceTree = "<group>"; };
		E2126E3A228D52D100D01586 /* g_svcmds.c */ = {isa = PBXFileReference; fileEncoding = 4; lastKnownFileType = sourcecode.c.c; name = g_svcmds.c; path = ../g_svcmds.c; sourceTree = "<group>"; };
		E2126E3B228D52D100D01586 /* g_target.c */ = {isa = PBXFileReference; fileEncoding = 4; lastKnownFileType = sourcecode.c.c; name = g_target.c; path = ../g_target.c; sourceTree = "<group>"; };
		E2126E3C228D52D100D01586 /* m_float.c */ = {isa = PBXFileReference; fileEncoding = 4; lastKnownFileType = sourcecode.c.c; name = m_float.c; path = ../m_float.c; sourceTree = "<group>"; };
		E2126E3D228D52D100D01586 /* m_medic.c */ = {isa = PBXFileReference; fileEncoding = 4; lastKnownFileType = sourcecode.c.c; name = m_medic.c; path = ../m_medic.c; sourceTree = "<group>"; };
		E2126E3E228D52D100D01586 /* m_supertank.c */ = {isa = PBXFileReference; fileEncoding = 4; lastKnownFileType = sourcecode.c.c; name = m_supertank.c; path = ../m_supertank.c; sourceTree = "<group>"; };
		E2126E3F228D52D100D01586 /* p_trail.c */ = {isa = PBXFileReference; fileEncoding = 4; lastKnownFileType = sourcecode.c.c; name = p_trail.c; path = ../p_trail.c; sourceTree = "<group>"; };
		E2126E40228D52D100D01586 /* m_gunner.c */ = {isa = PBXFileReference; fileEncoding = 4; lastKnownFileType = sourcecode.c.c; name = m_gunner.c; path = ../m_gunner.c; sourceTree = "<group>"; };
		E2126E41228D52D100D01586 /* m_flyer.c */ = {isa = PBXFileReference; fileEncoding = 4; lastKnownFileType = sourcecode.c.c; name = m_flyer.c; path = ../m_flyer.c; sourceTree = "<group>"; };
		E2126E42228D52D100D01586 /* m_flash.c */ = {isa = PBXFileReference; fileEncoding = 4; lastKnownFileType = sourcecode.c.c; name = m_flash.c; path = ../m_flash.c; sourceTree = "<group>"; };
		E2126E43228D52D100D01586 /* g_weapon.c */ = {isa = PBXFileReference; fileEncoding = 4; lastKnownFileType = sourcecode.c.c; name = g_weapon.c; path = ../g_weapon.c; sourceTree = "<group>"; };
		E2126E44228D52D100D01586 /* g_cmds.c */ = {isa = PBXFileReference; fileEncoding = 4; lastKnownFileType = sourcecode.c.c; name = g_cmds.c; path = ../g_cmds.c; sourceTree = "<group>"; };
		E2126E45228D52D100D01586 /* g_spawn.c */ = {isa = PBXFileReference; fileEncoding = 4; lastKnownFileType = sourcecode.c.c; name = g_spawn.c; path = ../g_spawn.c; sourceTree = "<group>"; };
		E2126E46228D52D100D01586 /* g_ai.c */ = {isa = PBXFileReference; fileEncoding = 4; lastKnownFileType = sourcecode.c.c; name = g_ai.c; path = ../g_ai.c; sourceTree = "<group>"; };
		E2126E47228D52D100D01586 /* m_widow.c */ = {isa = PBXFileReference; fileEncoding = 4; lastKnownFileType = sourcecode.c.c; name = m_widow.c; path = ../m_widow.c; sourceTree = "<group>"; };
		E2126E48228D52D100D01586 /* g_newdm.c */ = {isa = PBXFileReference; fileEncoding = 4; lastKnownFileType = sourcecode.c.c; name = g_newdm.c; path = ../g_newdm.c; sourceTree = "<group>"; };
		E2126E49228D52D100D01586 /* m_boss3.c */ = {isa = PBXFileReference; fileEncoding = 4; lastKnownFileType = sourcecode.c.c; name = m_boss3.c; path = ../m_boss3.c; sourceTree = "<group>"; };
		E2126E4A228D52D100D01586 /* g_sphere.c */ = {isa = PBXFileReference; fileEncoding = 4; lastKnownFileType = sourcecode.c.c; name = g_sphere.c; path = ../g_sphere.c; sourceTree = "<group>"; };
		E2126E4B228D52D100D01586 /* g_monster.c */ = {isa = PBXFileReference; fileEncoding = 4; lastKnownFileType = sourcecode.c.c; name = g_monster.c; path = ../g_monster.c; sourceTree = "<group>"; };
		E2126E4C228D52D100D01586 /* g_main.c */ = {isa = PBXFileReference; fileEncoding = 4; lastKnownFileType = sourcecode.c.c; name = g_main.c; path = ../g_main.c; sourceTree = "<group>"; };
		E2126E4D228D52D100D01586 /* g_save.c */ = {isa = PBXFileReference; fileEncoding = 4; lastKnownFileType = sourcecode.c.c; name = g_save.c; path = ../g_save.c; sourceTree = "<group>"; };
		E2126E4E228D52D100D01586 /* g_newtarg.c */ = {isa = PBXFileReference; fileEncoding = 4; lastKnownFileType = sourcecode.c.c; name = g_newtarg.c; path = ../g_newtarg.c; sourceTree = "<group>"; };
		E2126E4F228D52D100D01586 /* m_actor.c */ = {isa = PBXFileReference; fileEncoding = 4; lastKnownFileType = sourcecode.c.c; name = m_actor.c; path = ../m_actor.c; sourceTree = "<group>"; };
		E2126E50228D52D100D01586 /* g_newfnc.c */ = {isa = PBXFileReference; fileEncoding = 4; lastKnownFileType = sourcecode.c.c; name = g_newfnc.c; path = ../g_newfnc.c; sourceTree = "<group>"; };
		E2126E51228D52D100D01586 /* p_client.c */ = {isa = PBXFileReference; fileEncoding = 4; lastKnownFileType = sourcecode.c.c; name = p_client.c; path = ../p_client.c; sourceTree = "<group>"; };
		E2126E52228D52D100D01586 /* m_boss31.c */ = {isa = PBXFileReference; fileEncoding = 4; lastKnownFileType = sourcecode.c.c; name = m_boss31.c; path = ../m_boss31.c; sourceTree = "<group>"; };
		E2126E53228D52D200D01586 /* p_hud.c */ = {isa = PBXFileReference; fileEncoding = 4; lastKnownFileType = sourcecode.c.c; name = p_hud.c; path = ../p_hud.c; sourceTree = "<group>"; };
		E2126E54228D52D200D01586 /* m_move.c */ = {isa = PBXFileReference; fileEncoding = 4; lastKnownFileType = sourcecode.c.c; name = m_move.c; path = ../m_move.c; sourceTree = "<group>"; };
		E2126E55228D52D200D01586 /* g_misc.c */ = {isa = PBXFileReference; fileEncoding = 4; lastKnownFileType = sourcecode.c.c; name = g_misc.c; path = ../g_misc.c; sourceTree = "<group>"; };
		E2126E56228D52D200D01586 /* m_tank.c */ = {isa = PBXFileReference; fileEncoding = 4; lastKnownFileType = sourcecode.c.c; name = m_tank.c; path = ../m_tank.c; sourceTree = "<group>"; };
		E2126E57228D52D200D01586 /* m_hover.c */ = {isa = PBXFileReference; fileEncoding = 4; lastKnownFileType = sourcecode.c.c; name = m_hover.c; path = ../m_hover.c; sourceTree = "<group>"; };
		E2126E58228D52D200D01586 /* m_mutant.c */ = {isa = PBXFileReference; fileEncoding = 4; lastKnownFileType = sourcecode.c.c; name = m_mutant.c; path = ../m_mutant.c; sourceTree = "<group>"; };
		E2126E59228D52D200D01586 /* m_turret.c */ = {isa = PBXFileReference; fileEncoding = 4; lastKnownFileType = sourcecode.c.c; name = m_turret.c; path = ../m_turret.c; sourceTree = "<group>"; };
		E2126E5A228D52D200D01586 /* m_berserk.c */ = {isa = PBXFileReference; fileEncoding = 4; lastKnownFileType = sourcecode.c.c; name = m_berserk.c; path = ../m_berserk.c; sourceTree = "<group>"; };
		E2126E5B228D52D200D01586 /* g_combat.c */ = {isa = PBXFileReference; fileEncoding = 4; lastKnownFileType = sourcecode.c.c; name = g_combat.c; path = ../g_combat.c; sourceTree = "<group>"; };
		E2126E5C228D52D200D01586 /* m_boss2.c */ = {isa = PBXFileReference; fileEncoding = 4; lastKnownFileType = sourcecode.c.c; name = m_boss2.c; path = ../m_boss2.c; sourceTree = "<group>"; };
		E2126E5D228D52D200D01586 /* g_newtrig.c */ = {isa = PBXFileReference; fileEncoding = 4; lastKnownFileType = sourcecode.c.c; name = g_newtrig.c; path = ../g_newtrig.c; sourceTree = "<group>"; };
		E2126E5E228D52D200D01586 /* g_newweap.c */ = {isa = PBXFileReference; fileEncoding = 4; lastKnownFileType = sourcecode.c.c; name = g_newweap.c; path = ../g_newweap.c; sourceTree = "<group>"; };
		E2126E5F228D52D200D01586 /* g_func.c */ = {isa = PBXFileReference; fileEncoding = 4; lastKnownFileType = sourcecode.c.c; name = g_func.c; path = ../g_func.c; sourceTree = "<group>"; };
		E2126E60228D52D200D01586 /* m_infantry.c */ = {isa = PBXFileReference; fileEncoding = 4; lastKnownFileType = sourcecode.c.c; name = m_infantry.c; path = ../m_infantry.c; sourceTree = "<group>"; };
		E2126E9F228D553200D01586 /* m_turret.h */ = {isa = PBXFileReference; fileEncoding = 4; lastKnownFileType = sourcecode.c.h; name = m_turret.h; path = ../m_turret.h; sourceTree = "<group>"; };
		E2126EA0228D553200D01586 /* m_widow.h */ = {isa = PBXFileReference; fileEncoding = 4; lastKnownFileType = sourcecode.c.h; name = m_widow.h; path = ../m_widow.h; sourceTree = "<group>"; };
		E2126EA1228D553200D01586 /* m_carrier.h */ = {isa = PBXFileReference; fileEncoding = 4; lastKnownFileType = sourcecode.c.h; name = m_carrier.h; path = ../m_carrier.h; sourceTree = "<group>"; };
		E2126EA2228D553200D01586 /* m_widow2.h */ = {isa = PBXFileReference; fileEncoding = 4; lastKnownFileType = sourcecode.c.h; name = m_widow2.h; path = ../m_widow2.h; sourceTree = "<group>"; };
		E2126EA3228D553200D01586 /* m_stalker.h */ = {isa = PBXFileReference; fileEncoding = 4; lastKnownFileType = sourcecode.c.h; name = m_stalker.h; path = ../m_stalker.h; sourceTree = "<group>"; };
		E295520121F618E100336DD3 /* rogue.dylib */ = {isa = PBXFileReference; explicitFileType = "compiled.mach-o.dylib"; includeInIndex = 0; path = rogue.dylib; sourceTree = BUILT_PRODUCTS_DIR; };
/* End PBXFileReference section */

/* Begin PBXFrameworksBuildPhase section */
		E29551FF21F618E100336DD3 /* Frameworks */ = {
			isa = PBXFrameworksBuildPhase;
			buildActionMask = 2147483647;
			files = (
			);
			runOnlyForDeploymentPostprocessing = 0;
		};
/* End PBXFrameworksBuildPhase section */

/* Begin PBXGroup section */
		E29551F821F618E100336DD3 = {
			isa = PBXGroup;
			children = (
				E295520D21F619FD00336DD3 /* Headers */,
				E295520B21F619E300336DD3 /* Sources */,
				E295520221F618E100336DD3 /* Products */,
			);
			sourceTree = "<group>";
			usesTabs = 1;
		};
		E295520221F618E100336DD3 /* Products */ = {
			isa = PBXGroup;
			children = (
				E295520121F618E100336DD3 /* rogue.dylib */,
			);
			name = Products;
			sourceTree = "<group>";
		};
		E295520B21F619E300336DD3 /* Sources */ = {
			isa = PBXGroup;
			children = (
				E2126E23228D52D000D01586 /* dm_ball.c */,
				E2126E30228D52D000D01586 /* dm_tag.c */,
				E2126E46228D52D100D01586 /* g_ai.c */,
				E2126E31228D52D000D01586 /* g_chase.c */,
				E2126E44228D52D100D01586 /* g_cmds.c */,
				E2126E5B228D52D200D01586 /* g_combat.c */,
				E2126E5F228D52D200D01586 /* g_func.c */,
				E2126E2E228D52D000D01586 /* g_items.c */,
				E2126E4C228D52D100D01586 /* g_main.c */,
				E2126E55228D52D200D01586 /* g_misc.c */,
				E2126E4B228D52D100D01586 /* g_monster.c */,
				E2126E2F228D52D000D01586 /* g_newai.c */,
				E2126E48228D52D100D01586 /* g_newdm.c */,
				E2126E50228D52D100D01586 /* g_newfnc.c */,
				E2126E4E228D52D100D01586 /* g_newtarg.c */,
				E2126E5D228D52D200D01586 /* g_newtrig.c */,
				E2126E5E228D52D200D01586 /* g_newweap.c */,
				E2126E33228D52D100D01586 /* g_phys.c */,
				E2126E4D228D52D100D01586 /* g_save.c */,
				E2126E45228D52D100D01586 /* g_spawn.c */,
				E2126E4A228D52D100D01586 /* g_sphere.c */,
				E2126E3A228D52D100D01586 /* g_svcmds.c */,
				E2126E3B228D52D100D01586 /* g_target.c */,
				E2126E29228D52D000D01586 /* g_trigger.c */,
				E2126E2A228D52D000D01586 /* g_turret.c */,
				E2126E35228D52D100D01586 /* g_utils.c */,
				E2126E43228D52D100D01586 /* g_weapon.c */,
				E2126E4F228D52D100D01586 /* m_actor.c */,
				E2126E5A228D52D200D01586 /* m_berserk.c */,
				E2126E5C228D52D200D01586 /* m_boss2.c */,
				E2126E49228D52D100D01586 /* m_boss3.c */,
				E2126E52228D52D100D01586 /* m_boss31.c */,
				E2126E2B228D52D000D01586 /* m_boss32.c */,
				E2126E28228D52D000D01586 /* m_brain.c */,
				E2126E2D228D52D000D01586 /* m_carrier.c */,
				E2126E27228D52D000D01586 /* m_chick.c */,
				E2126E42228D52D100D01586 /* m_flash.c */,
				E2126E2C228D52D000D01586 /* m_flipper.c */,
				E2126E3C228D52D100D01586 /* m_float.c */,
				E2126E41228D52D100D01586 /* m_flyer.c */,
				E2126E38228D52D100D01586 /* m_gladiator.c */,
				E2126E40228D52D100D01586 /* m_gunner.c */,
				E2126E57228D52D200D01586 /* m_hover.c */,
				E2126E60228D52D200D01586 /* m_infantry.c */,
				E2126E24228D52D000D01586 /* m_insane.c */,
				E2126E3D228D52D100D01586 /* m_medic.c */,
				E2126E54228D52D200D01586 /* m_move.c */,
				E2126E58228D52D200D01586 /* m_mutant.c */,
				E2126E34228D52D100D01586 /* m_parasite.c */,
				E2126E26228D52D000D01586 /* m_soldier.c */,
				E2126E37228D52D100D01586 /* m_stalker.c */,
				E2126E3E228D52D100D01586 /* m_supertank.c */,
				E2126E56228D52D200D01586 /* m_tank.c */,
				E2126E59228D52D200D01586 /* m_turret.c */,
				E2126E47228D52D100D01586 /* m_widow.c */,
				E2126E39228D52D100D01586 /* m_widow2.c */,
				E2126E51228D52D100D01586 /* p_client.c */,
				E2126E53228D52D200D01586 /* p_hud.c */,
				E2126E3F228D52D100D01586 /* p_trail.c */,
				E2126E25228D52D000D01586 /* p_view.c */,
				E2126E32228D52D100D01586 /* p_weapon.c */,
				E2126E36228D52D100D01586 /* q_shared.c */,
			);
			name = Sources;
			sourceTree = "<group>";
		};
		E295520D21F619FD00336DD3 /* Headers */ = {
			isa = PBXGroup;
			children = (
				E2126DFC228D518500D01586 /* g_local.h */,
				E2126E08228D518500D01586 /* game.h */,
				E2126E04228D518500D01586 /* m_actor.h */,
				E2126DF2228D518400D01586 /* m_berserk.h */,
				E2126E01228D518500D01586 /* m_boss2.h */,
				E2126DEF228D518400D01586 /* m_boss31.h */,
				E2126DF3228D518400D01586 /* m_boss32.h */,
				E2126E03228D518500D01586 /* m_brain.h */,
				E2126EA1228D553200D01586 /* m_carrier.h */,
				E2126DFE228D518500D01586 /* m_chick.h */,
				E2126E00228D518500D01586 /* m_flipper.h */,
				E2126DF6228D518500D01586 /* m_float.h */,
				E2126DF8228D518500D01586 /* m_flyer.h */,
				E2126E02228D518500D01586 /* m_gladiator.h */,
				E2126DF0228D518400D01586 /* m_gunner.h */,
				E2126E05228D518500D01586 /* m_hover.h */,
				E2126DF5228D518500D01586 /* m_infantry.h */,
				E2126DF1228D518400D01586 /* m_insane.h */,
				E2126DFA228D518500D01586 /* m_medic.h */,
				E2126DFD228D518500D01586 /* m_mutant.h */,
				E2126DFF228D518500D01586 /* m_parasite.h */,
				E2126DFB228D518500D01586 /* m_player.h */,
				E2126DF4228D518400D01586 /* m_rider.h */,
				E2126DF7228D518500D01586 /* m_soldier.h */,
				E2126EA3228D553200D01586 /* m_stalker.h */,
				E2126E07228D518500D01586 /* m_supertank.h */,
				E2126E06228D518500D01586 /* m_tank.h */,
				E2126E9F228D553200D01586 /* m_turret.h */,
				E2126EA0228D553200D01586 /* m_widow.h */,
				E2126EA2228D553200D01586 /* m_widow2.h */,
				E2126DF9228D518500D01586 /* q_shared.h */,
			);
			name = Headers;
			sourceTree = "<group>";
		};
/* End PBXGroup section */

/* Begin PBXHeadersBuildPhase section */
		E29551FD21F618E100336DD3 /* Headers */ = {
			isa = PBXHeadersBuildPhase;
			buildActionMask = 2147483647;
			files = (
				E2126E22228D518500D01586 /* game.h in Headers */,
				E2126E20228D518500D01586 /* m_tank.h in Headers */,
				E2126EA6228D553200D01586 /* m_carrier.h in Headers */,
				E2126E09228D518500D01586 /* m_boss31.h in Headers */,
				E2126EA8228D553200D01586 /* m_stalker.h in Headers */,
				E2126EA4228D553200D01586 /* m_turret.h in Headers */,
				E2126E1B228D518500D01586 /* m_boss2.h in Headers */,
				E2126E10228D518500D01586 /* m_float.h in Headers */,
				E2126E19228D518500D01586 /* m_parasite.h in Headers */,
				E2126E16228D518500D01586 /* g_local.h in Headers */,
				E2126E11228D518500D01586 /* m_soldier.h in Headers */,
				E2126E0B228D518500D01586 /* m_insane.h in Headers */,
				E2126E0A228D518500D01586 /* m_gunner.h in Headers */,
				E2126E12228D518500D01586 /* m_flyer.h in Headers */,
				E2126E15228D518500D01586 /* m_player.h in Headers */,
				E2126E13228D518500D01586 /* q_shared.h in Headers */,
				E2126E0F228D518500D01586 /* m_infantry.h in Headers */,
				E2126E0E228D518500D01586 /* m_rider.h in Headers */,
				E2126E14228D518500D01586 /* m_medic.h in Headers */,
				E2126E1E228D518500D01586 /* m_actor.h in Headers */,
				E2126E1A228D518500D01586 /* m_flipper.h in Headers */,
				E2126E1F228D518500D01586 /* m_hover.h in Headers */,
				E2126E21228D518500D01586 /* m_supertank.h in Headers */,
				E2126E0C228D518500D01586 /* m_berserk.h in Headers */,
				E2126E18228D518500D01586 /* m_chick.h in Headers */,
				E2126E0D228D518500D01586 /* m_boss32.h in Headers */,
				E2126E1D228D518500D01586 /* m_brain.h in Headers */,
				E2126EA5228D553200D01586 /* m_widow.h in Headers */,
				E2126E1C228D518500D01586 /* m_gladiator.h in Headers */,
				E2126EA7228D553200D01586 /* m_widow2.h in Headers */,
				E2126E17228D518500D01586 /* m_mutant.h in Headers */,
			);
			runOnlyForDeploymentPostprocessing = 0;
		};
/* End PBXHeadersBuildPhase section */

/* Begin PBXNativeTarget section */
		E295520021F618E100336DD3 /* rogue */ = {
			isa = PBXNativeTarget;
			buildConfigurationList = E295520521F618E100336DD3 /* Build configuration list for PBXNativeTarget "rogue" */;
			buildPhases = (
				E29551FD21F618E100336DD3 /* Headers */,
				E29551FE21F618E100336DD3 /* Sources */,
				E29551FF21F618E100336DD3 /* Frameworks */,
				E296564621F8869500BEC8E0 /* ShellScript */,
			);
			buildRules = (
			);
			dependencies = (
			);
			name = rogue;
			productName = rogue;
			productReference = E295520121F618E100336DD3 /* rogue.dylib */;
			productType = "com.apple.product-type.library.dynamic";
		};
/* End PBXNativeTarget section */

/* Begin PBXProject section */
		E29551F921F618E100336DD3 /* Project object */ = {
			isa = PBXProject;
			attributes = {
				LastUpgradeCheck = 1010;
				ORGANIZATIONNAME = Krzysztof;
				TargetAttributes = {
					E295520021F618E100336DD3 = {
						CreatedOnToolsVersion = 10.1;
					};
				};
			};
			buildConfigurationList = E29551FC21F618E100336DD3 /* Build configuration list for PBXProject "rogue" */;
			compatibilityVersion = "Xcode 9.3";
			developmentRegion = en;
			hasScannedForEncodings = 0;
			knownRegions = (
				en,
				Base,
			);
			mainGroup = E29551F821F618E100336DD3;
			productRefGroup = E295520221F618E100336DD3 /* Products */;
			projectDirPath = "";
			projectRoot = "";
			targets = (
				E295520021F618E100336DD3 /* rogue */,
			);
		};
/* End PBXProject section */

/* Begin PBXShellScriptBuildPhase section */
		E296564621F8869500BEC8E0 /* ShellScript */ = {
			isa = PBXShellScriptBuildPhase;
			buildActionMask = 2147483647;
			files = (
			);
			inputFileListPaths = (
			);
			inputPaths = (
			);
			outputFileListPaths = (
			);
			outputPaths = (
			);
			runOnlyForDeploymentPostprocessing = 0;
			shellPath = /bin/sh;
			shellScript = "mkdir -p ${PROJECT_DIR}/../../macos/vkQuake2/rogue\ncp -f ${BUILT_PRODUCTS_DIR}/${EXECUTABLE_NAME} ${PROJECT_DIR}/../../macos/vkQuake2/rogue/game.dylib\n";
		};
/* End PBXShellScriptBuildPhase section */

/* Begin PBXSourcesBuildPhase section */
		E29551FE21F618E100336DD3 /* Sources */ = {
			isa = PBXSourcesBuildPhase;
			buildActionMask = 2147483647;
			files = (
				E2126E8D228D52D200D01586 /* m_actor.c in Sources */,
				E2126E9C228D52D200D01586 /* g_newweap.c in Sources */,
				E2126E9B228D52D200D01586 /* g_newtrig.c in Sources */,
				E2126E88228D52D200D01586 /* g_sphere.c in Sources */,
				E2126E90228D52D200D01586 /* m_boss31.c in Sources */,
				E2126E7B228D52D200D01586 /* m_medic.c in Sources */,
				E2126E7F228D52D200D01586 /* m_flyer.c in Sources */,
				E2126E66228D52D200D01586 /* m_brain.c in Sources */,
				E2126E65228D52D200D01586 /* m_chick.c in Sources */,
				E2126E74228D52D200D01586 /* q_shared.c in Sources */,
				E2126E6B228D52D200D01586 /* m_carrier.c in Sources */,
				E2126E87228D52D200D01586 /* m_boss3.c in Sources */,
				E2126E83228D52D200D01586 /* g_spawn.c in Sources */,
				E2126E91228D52D200D01586 /* p_hud.c in Sources */,
				E2126E8F228D52D200D01586 /* p_client.c in Sources */,
				E2126E67228D52D200D01586 /* g_trigger.c in Sources */,
				E2126E75228D52D200D01586 /* m_stalker.c in Sources */,
				E2126E72228D52D200D01586 /* m_parasite.c in Sources */,
				E2126E96228D52D200D01586 /* m_mutant.c in Sources */,
				E2126E8A228D52D200D01586 /* g_main.c in Sources */,
				E2126E70228D52D200D01586 /* p_weapon.c in Sources */,
				E2126E8B228D52D200D01586 /* g_save.c in Sources */,
				E2126E9D228D52D200D01586 /* g_func.c in Sources */,
				E2126E7A228D52D200D01586 /* m_float.c in Sources */,
				E2126E99228D52D200D01586 /* g_combat.c in Sources */,
				E2126E81228D52D200D01586 /* g_weapon.c in Sources */,
				E2126E61228D52D200D01586 /* dm_ball.c in Sources */,
				E2126E78228D52D200D01586 /* g_svcmds.c in Sources */,
				E2126E82228D52D200D01586 /* g_cmds.c in Sources */,
				E2126E62228D52D200D01586 /* m_insane.c in Sources */,
				E2126E86228D52D200D01586 /* g_newdm.c in Sources */,
				E2126E64228D52D200D01586 /* m_soldier.c in Sources */,
				E2126E7E228D52D200D01586 /* m_gunner.c in Sources */,
				E2126E84228D52D200D01586 /* g_ai.c in Sources */,
				E2126E98228D52D200D01586 /* m_berserk.c in Sources */,
				E2126E6F228D52D200D01586 /* g_chase.c in Sources */,
				E2126E8C228D52D200D01586 /* g_newtarg.c in Sources */,
				E2126E8E228D52D200D01586 /* g_newfnc.c in Sources */,
				E2126E9E228D52D200D01586 /* m_infantry.c in Sources */,
				E2126E9A228D52D200D01586 /* m_boss2.c in Sources */,
				E2126E6E228D52D200D01586 /* dm_tag.c in Sources */,
				E2126E6A228D52D200D01586 /* m_flipper.c in Sources */,
				E2126E79228D52D200D01586 /* g_target.c in Sources */,
				E2126E80228D52D200D01586 /* m_flash.c in Sources */,
				E2126E92228D52D200D01586 /* m_move.c in Sources */,
				E2126E97228D52D200D01586 /* m_turret.c in Sources */,
				E2126E71228D52D200D01586 /* g_phys.c in Sources */,
				E2126E76228D52D200D01586 /* m_gladiator.c in Sources */,
				E2126E89228D52D200D01586 /* g_monster.c in Sources */,
				E2126E95228D52D200D01586 /* m_hover.c in Sources */,
				E2126E6D228D52D200D01586 /* g_newai.c in Sources */,
				E2126E63228D52D200D01586 /* p_view.c in Sources */,
				E2126E69228D52D200D01586 /* m_boss32.c in Sources */,
				E2126E7C228D52D200D01586 /* m_supertank.c in Sources */,
				E2126E6C228D52D200D01586 /* g_items.c in Sources */,
				E2126E93228D52D200D01586 /* g_misc.c in Sources */,
				E2126E77228D52D200D01586 /* m_widow2.c in Sources */,
				E2126E94228D52D200D01586 /* m_tank.c in Sources */,
				E2126E73228D52D200D01586 /* g_utils.c in Sources */,
				E2126E68228D52D200D01586 /* g_turret.c in Sources */,
				E2126E7D228D52D200D01586 /* p_trail.c in Sources */,
				E2126E85228D52D200D01586 /* m_widow.c in Sources */,
			);
			runOnlyForDeploymentPostprocessing = 0;
		};
/* End PBXSourcesBuildPhase section */

/* Begin XCBuildConfiguration section */
		E295520321F618E100336DD3 /* Debug */ = {
			isa = XCBuildConfiguration;
			buildSettings = {
				ALWAYS_SEARCH_USER_PATHS = NO;
				CLANG_ANALYZER_NONNULL = YES;
				CLANG_ANALYZER_NUMBER_OBJECT_CONVERSION = YES_AGGRESSIVE;
				CLANG_CXX_LANGUAGE_STANDARD = "gnu++14";
				CLANG_CXX_LIBRARY = "libc++";
				CLANG_ENABLE_MODULES = YES;
				CLANG_ENABLE_OBJC_ARC = YES;
				CLANG_ENABLE_OBJC_WEAK = YES;
				CLANG_WARN_BLOCK_CAPTURE_AUTORELEASING = YES;
				CLANG_WARN_BOOL_CONVERSION = YES;
				CLANG_WARN_COMMA = YES;
				CLANG_WARN_CONSTANT_CONVERSION = YES;
				CLANG_WARN_DEPRECATED_OBJC_IMPLEMENTATIONS = YES;
				CLANG_WARN_DIRECT_OBJC_ISA_USAGE = YES_ERROR;
				CLANG_WARN_DOCUMENTATION_COMMENTS = YES;
				CLANG_WARN_EMPTY_BODY = YES;
				CLANG_WARN_ENUM_CONVERSION = YES;
				CLANG_WARN_INFINITE_RECURSION = YES;
				CLANG_WARN_INT_CONVERSION = YES;
				CLANG_WARN_NON_LITERAL_NULL_CONVERSION = YES;
				CLANG_WARN_OBJC_IMPLICIT_RETAIN_SELF = YES;
				CLANG_WARN_OBJC_LITERAL_CONVERSION = YES;
				CLANG_WARN_OBJC_ROOT_CLASS = YES_ERROR;
				CLANG_WARN_RANGE_LOOP_ANALYSIS = YES;
				CLANG_WARN_STRICT_PROTOTYPES = YES;
				CLANG_WARN_SUSPICIOUS_MOVE = YES;
				CLANG_WARN_UNGUARDED_AVAILABILITY = YES_AGGRESSIVE;
				CLANG_WARN_UNREACHABLE_CODE = YES;
				CLANG_WARN__DUPLICATE_METHOD_MATCH = YES;
				CODE_SIGN_IDENTITY = "-";
				COPY_PHASE_STRIP = NO;
				DEBUG_INFORMATION_FORMAT = dwarf;
				ENABLE_STRICT_OBJC_MSGSEND = YES;
				ENABLE_TESTABILITY = YES;
				GCC_C_LANGUAGE_STANDARD = gnu11;
				GCC_DYNAMIC_NO_PIC = NO;
				GCC_NO_COMMON_BLOCKS = YES;
				GCC_OPTIMIZATION_LEVEL = 0;
				GCC_PREPROCESSOR_DEFINITIONS = (
					"DEBUG=1",
					"$(inherited)",
				);
				GCC_WARN_64_TO_32_BIT_CONVERSION = YES;
				GCC_WARN_ABOUT_RETURN_TYPE = YES_ERROR;
				GCC_WARN_UNDECLARED_SELECTOR = YES;
				GCC_WARN_UNINITIALIZED_AUTOS = YES_AGGRESSIVE;
				GCC_WARN_UNUSED_FUNCTION = YES;
				GCC_WARN_UNUSED_VARIABLE = YES;
				MACOSX_DEPLOYMENT_TARGET = 10.14;
				MTL_ENABLE_DEBUG_INFO = INCLUDE_SOURCE;
				MTL_FAST_MATH = YES;
				ONLY_ACTIVE_ARCH = YES;
				SDKROOT = macosx;
			};
			name = Debug;
		};
		E295520421F618E100336DD3 /* Release */ = {
			isa = XCBuildConfiguration;
			buildSettings = {
				ALWAYS_SEARCH_USER_PATHS = NO;
				CLANG_ANALYZER_NONNULL = YES;
				CLANG_ANALYZER_NUMBER_OBJECT_CONVERSION = YES_AGGRESSIVE;
				CLANG_CXX_LANGUAGE_STANDARD = "gnu++14";
				CLANG_CXX_LIBRARY = "libc++";
				CLANG_ENABLE_MODULES = YES;
				CLANG_ENABLE_OBJC_ARC = YES;
				CLANG_ENABLE_OBJC_WEAK = YES;
				CLANG_WARN_BLOCK_CAPTURE_AUTORELEASING = YES;
				CLANG_WARN_BOOL_CONVERSION = YES;
				CLANG_WARN_COMMA = YES;
				CLANG_WARN_CONSTANT_CONVERSION = YES;
				CLANG_WARN_DEPRECATED_OBJC_IMPLEMENTATIONS = YES;
				CLANG_WARN_DIRECT_OBJC_ISA_USAGE = YES_ERROR;
				CLANG_WARN_DOCUMENTATION_COMMENTS = YES;
				CLANG_WARN_EMPTY_BODY = YES;
				CLANG_WARN_ENUM_CONVERSION = YES;
				CLANG_WARN_INFINITE_RECURSION = YES;
				CLANG_WARN_INT_CONVERSION = YES;
				CLANG_WARN_NON_LITERAL_NULL_CONVERSION = YES;
				CLANG_WARN_OBJC_IMPLICIT_RETAIN_SELF = YES;
				CLANG_WARN_OBJC_LITERAL_CONVERSION = YES;
				CLANG_WARN_OBJC_ROOT_CLASS = YES_ERROR;
				CLANG_WARN_RANGE_LOOP_ANALYSIS = YES;
				CLANG_WARN_STRICT_PROTOTYPES = YES;
				CLANG_WARN_SUSPICIOUS_MOVE = YES;
				CLANG_WARN_UNGUARDED_AVAILABILITY = YES_AGGRESSIVE;
				CLANG_WARN_UNREACHABLE_CODE = YES;
				CLANG_WARN__DUPLICATE_METHOD_MATCH = YES;
				CODE_SIGN_IDENTITY = "-";
				COPY_PHASE_STRIP = NO;
				DEBUG_INFORMATION_FORMAT = "dwarf-with-dsym";
				ENABLE_NS_ASSERTIONS = NO;
				ENABLE_STRICT_OBJC_MSGSEND = YES;
				GCC_C_LANGUAGE_STANDARD = gnu11;
				GCC_NO_COMMON_BLOCKS = YES;
				GCC_WARN_64_TO_32_BIT_CONVERSION = YES;
				GCC_WARN_ABOUT_RETURN_TYPE = YES_ERROR;
				GCC_WARN_UNDECLARED_SELECTOR = YES;
				GCC_WARN_UNINITIALIZED_AUTOS = YES_AGGRESSIVE;
				GCC_WARN_UNUSED_FUNCTION = YES;
				GCC_WARN_UNUSED_VARIABLE = YES;
				MACOSX_DEPLOYMENT_TARGET = 10.14;
				MTL_ENABLE_DEBUG_INFO = NO;
				MTL_FAST_MATH = YES;
				SDKROOT = macosx;
			};
			name = Release;
		};
		E295520621F618E100336DD3 /* Debug */ = {
			isa = XCBuildConfiguration;
			buildSettings = {
				CODE_SIGN_STYLE = Automatic;
				DYLIB_COMPATIBILITY_VERSION = 1;
				DYLIB_CURRENT_VERSION = 1;
				EXECUTABLE_PREFIX = "";
				"OTHER_CFLAGS[arch=*]" = (
					"-D_DEBUG",
					"-Wno-dangling-else",
					"-Wno-comma",
					"-Wno-shorten-64-to-32",
					"-Wno-address",
				);
				PRODUCT_NAME = "$(TARGET_NAME)";
				SKIP_INSTALL = YES;
				VALID_ARCHS = x86_64;
			};
			name = Debug;
		};
		E295520721F618E100336DD3 /* Release */ = {
			isa = XCBuildConfiguration;
			buildSettings = {
				CODE_SIGN_STYLE = Automatic;
				DYLIB_COMPATIBILITY_VERSION = 1;
				DYLIB_CURRENT_VERSION = 1;
				EXECUTABLE_PREFIX = "";
				"OTHER_CFLAGS[arch=*]" = (
					"-DNDEBUG",
					"-Wno-dangling-else",
					"-Wno-comma",
					"-Wno-shorten-64-to-32",
					"-Wno-address",
				);
				PRODUCT_NAME = "$(TARGET_NAME)";
				SKIP_INSTALL = YES;
				VALID_ARCHS = x86_64;
			};
			name = Release;
		};
/* End XCBuildConfiguration section */

/* Begin XCConfigurationList section */
		E29551FC21F618E100336DD3 /* Build configuration list for PBXProject "rogue" */ = {
			isa = XCConfigurationList;
			buildConfigurations = (
				E295520321F618E100336DD3 /* Debug */,
				E295520421F618E100336DD3 /* Release */,
			);
			defaultConfigurationIsVisible = 0;
			defaultConfigurationName = Release;
		};
		E295520521F618E100336DD3 /* Build configuration list for PBXNativeTarget "rogue" */ = {
			isa = XCConfigurationList;
			buildConfigurations = (
				E295520621F618E100336DD3 /* Debug */,
				E295520721F618E100336DD3 /* Release */,
			);
			defaultConfigurationIsVisible = 0;
			defaultConfigurationName = Release;
		};
/* End XCConfigurationList section */
	};
	rootObject = E29551F921F618E100336DD3 /* Project object */;
}
