<?xml version="1.0" encoding="utf-8"?>
<Project ToolsVersion="4.0" xmlns="http://schemas.microsoft.com/developer/msbuild/2003">
  <ItemGroup>
    <Filter Include="Source Files">
      <UniqueIdentifier>{4FC737F1-C7A5-4376-A066-2A32D752A2FF}</UniqueIdentifier>
      <Extensions>cpp;c;cc;cxx;def;odl;idl;hpj;bat;asm;asmx</Extensions>
    </Filter>
    <Filter Include="Header Files">
      <UniqueIdentifier>{93995380-89BD-4b04-88EB-625FBE52EBFB}</UniqueIdentifier>
      <Extensions>h;hh;hpp;hxx;hm;inl;inc;xsd</Extensions>
    </Filter>
    <Filter Include="Resource Files">
      <UniqueIdentifier>{67DA6AB6-F800-4c08-8B7A-83BB121AAD01}</UniqueIdentifier>
      <Extensions>rc;ico;cur;bmp;dlg;rc2;rct;bin;rgs;gif;jpg;jpeg;jpe;resx;tiff;tif;png;wav;mfcribbon-ms</Extensions>
    </Filter>
  </ItemGroup>
  <ItemGroup>
    <ClCompile Include="vk_rmain.c">
      <Filter>Source Files</Filter>
    </ClCompile>
    <ClCompile Include="..\game\q_shared.c">
      <Filter>Source Files</Filter>
    </ClCompile>
    <ClCompile Include="..\win32\q_shwin.c">
      <Filter>Source Files</Filter>
    </ClCompile>
    <ClCompile Include="vk_draw.c">
      <Filter>Source Files</Filter>
    </ClCompile>
    <ClCompile Include="vk_warp.c">
      <Filter>Source Files</Filter>
    </ClCompile>
    <ClCompile Include="vk_image.c">
      <Filter>Source Files</Filter>
    </ClCompile>
    <ClCompile Include="vk_model.c">
      <Filter>Source Files</Filter>
    </ClCompile>
    <ClCompile Include="..\win32\vk_imp.c">
      <Filter>Source Files</Filter>
    </ClCompile>
    <ClCompile Include="vk_mem_alloc.cpp">
      <Filter>Source Files</Filter>
    </ClCompile>
    <ClCompile Include="vk_validation.c">
      <Filter>Source Files</Filter>
    </ClCompile>
    <ClCompile Include="vk_device.c">
      <Filter>Source Files</Filter>
    </ClCompile>
    <ClCompile Include="vk_swapchain.c">
      <Filter>Source Files</Filter>
    </ClCompile>
    <ClCompile Include="vk_cmd.c">
      <Filter>Source Files</Filter>
    </ClCompile>
    <ClCompile Include="vk_buffer.c">
      <Filter>Source Files</Filter>
    </ClCompile>
    <ClCompile Include="vk_pipeline.c">
      <Filter>Source Files</Filter>
    </ClCompile>
    <ClCompile Include="vk_shaders.c">
      <Filter>Source Files</Filter>
    </ClCompile>
    <ClCompile Include="vk_rmisc.c">
      <Filter>Source Files</Filter>
    </ClCompile>
    <ClCompile Include="vk_light.c">
      <Filter>Source Files</Filter>
    </ClCompile>
    <ClCompile Include="vk_rsurf.c">
      <Filter>Source Files</Filter>
    </ClCompile>
    <ClCompile Include="vk_mesh.c">
      <Filter>Source Files</Filter>
    </ClCompile>
    <ClCompile Include="vk_common.c">
      <Filter>Source Files</Filter>
    </ClCompile>
  </ItemGroup>
  <ItemGroup>
    <None Include="ref_vk.def">
      <Filter>Resource Files</Filter>
    </None>
  </ItemGroup>
  <ItemGroup>
    <ClInclude Include="anorms.h">
      <Filter>Header Files</Filter>
    </ClInclude>
    <ClInclude Include="anormtab.h">
      <Filter>Header Files</Filter>
    </ClInclude>
    <ClInclude Include="..\game\q_shared.h">
      <Filter>Header Files</Filter>
    </ClInclude>
    <ClInclude Include="..\qcommon\qcommon.h">
      <Filter>Header Files</Filter>
    </ClInclude>
    <ClInclude Include="..\qcommon\qfiles.h">
      <Filter>Header Files</Filter>
    </ClInclude>
    <ClInclude Include="..\client\qmenu.h">
      <Filter>Header Files</Filter>
    </ClInclude>
    <ClInclude Include="..\client\ref.h">
      <Filter>Header Files</Filter>
    </ClInclude>
    <ClInclude Include="vk_local.h">
      <Filter>Header Files</Filter>
    </ClInclude>
    <ClInclude Include="..\win32\vk_win.h">
      <Filter>Header Files</Filter>
    </ClInclude>
    <ClInclude Include="vk_model.h">
      <Filter>Header Files</Filter>
    </ClInclude>
    <ClInclude Include="qvk.h">
      <Filter>Header Files</Filter>
    </ClInclude>
    <ClInclude Include="vk_shaders.h">
      <Filter>Header Files</Filter>
    </ClInclude>
  </ItemGroup>
</Project>