// !$*UTF8*$!
{
	archiveVersion = 1;
	classes = {
	};
	objectVersion = 50;
	objects = {

/* Begin PBXBuildFile section */
		E229676822D5234D007492C8 /* cd_null.c in Sources */ = {isa = PBXBuildFile; fileRef = E229676722D5234D007492C8 /* cd_null.c */; };
		E229676A22D5237D007492C8 /* snd_miniaudio.c in Sources */ = {isa = PBXBuildFile; fileRef = E229676922D5237D007492C8 /* snd_miniaudio.c */; };
		E291112321F70CC900AE0164 /* q_shmacos.c in Sources */ = {isa = PBXBuildFile; fileRef = E291111D21F70CC800AE0164 /* q_shmacos.c */; };
		E291112521F70CC900AE0164 /* vid_menu.c in Sources */ = {isa = PBXBuildFile; fileRef = E291111F21F70CC900AE0164 /* vid_menu.c */; };
		E291112621F70CC900AE0164 /* sys_macos.c in Sources */ = {isa = PBXBuildFile; fileRef = E291112021F70CC900AE0164 /* sys_macos.c */; };
		E291112821F70CC900AE0164 /* vid_dsym.c in Sources */ = {isa = PBXBuildFile; fileRef = E291112221F70CC900AE0164 /* vid_dsym.c */; };
		E291112A21F7103600AE0164 /* m_flash.c in Sources */ = {isa = PBXBuildFile; fileRef = E291112921F7103600AE0164 /* m_flash.c */; };
		E291112C21F7108F00AE0164 /* net_udp.c in Sources */ = {isa = PBXBuildFile; fileRef = E291112B21F7108F00AE0164 /* net_udp.c */; };
		E291112E21F71AE300AE0164 /* snd_macos.m in Sources */ = {isa = PBXBuildFile; fileRef = E291112D21F71AE300AE0164 /* snd_macos.m */; };
		E291113021F71DE800AE0164 /* glob.c in Sources */ = {isa = PBXBuildFile; fileRef = E291112F21F71DE800AE0164 /* glob.c */; };
		E295532D21F623B600336DD3 /* cl_newfx.c in Sources */ = {isa = PBXBuildFile; fileRef = E295531A21F623B500336DD3 /* cl_newfx.c */; };
		E295532E21F623B600336DD3 /* cl_tent.c in Sources */ = {isa = PBXBuildFile; fileRef = E295531B21F623B500336DD3 /* cl_tent.c */; };
		E295532F21F623B600336DD3 /* keys.c in Sources */ = {isa = PBXBuildFile; fileRef = E295531C21F623B500336DD3 /* keys.c */; };
		E295533021F623B600336DD3 /* cl_cin.c in Sources */ = {isa = PBXBuildFile; fileRef = E295531D21F623B500336DD3 /* cl_cin.c */; };
		E295533121F623B600336DD3 /* cl_parse.c in Sources */ = {isa = PBXBuildFile; fileRef = E295531E21F623B500336DD3 /* cl_parse.c */; };
		E295533221F623B600336DD3 /* snd_mem.c in Sources */ = {isa = PBXBuildFile; fileRef = E295531F21F623B500336DD3 /* snd_mem.c */; };
		E295533321F623B600336DD3 /* menu.c in Sources */ = {isa = PBXBuildFile; fileRef = E295532021F623B500336DD3 /* menu.c */; };
		E295533421F623B600336DD3 /* snd_mix.c in Sources */ = {isa = PBXBuildFile; fileRef = E295532121F623B500336DD3 /* snd_mix.c */; };
		E295533521F623B600336DD3 /* cl_ents.c in Sources */ = {isa = PBXBuildFile; fileRef = E295532221F623B500336DD3 /* cl_ents.c */; };
		E295533621F623B600336DD3 /* cl_inv.c in Sources */ = {isa = PBXBuildFile; fileRef = E295532321F623B500336DD3 /* cl_inv.c */; };
		E295533721F623B600336DD3 /* cl_pred.c in Sources */ = {isa = PBXBuildFile; fileRef = E295532421F623B500336DD3 /* cl_pred.c */; };
		E295533821F623B600336DD3 /* cl_view.c in Sources */ = {isa = PBXBuildFile; fileRef = E295532521F623B500336DD3 /* cl_view.c */; };
		E295533921F623B600336DD3 /* cl_scrn.c in Sources */ = {isa = PBXBuildFile; fileRef = E295532621F623B500336DD3 /* cl_scrn.c */; };
		E295533A21F623B600336DD3 /* qmenu.c in Sources */ = {isa = PBXBuildFile; fileRef = E295532721F623B500336DD3 /* qmenu.c */; };
		E295533B21F623B600336DD3 /* snd_dma.c in Sources */ = {isa = PBXBuildFile; fileRef = E295532821F623B500336DD3 /* snd_dma.c */; };
		E295533C21F623B600336DD3 /* cl_main.c in Sources */ = {isa = PBXBuildFile; fileRef = E295532921F623B500336DD3 /* cl_main.c */; };
		E295533D21F623B600336DD3 /* console.c in Sources */ = {isa = PBXBuildFile; fileRef = E295532A21F623B600336DD3 /* console.c */; };
		E295533E21F623B600336DD3 /* cl_fx.c in Sources */ = {isa = PBXBuildFile; fileRef = E295532B21F623B600336DD3 /* cl_fx.c */; };
		E295533F21F623B600336DD3 /* cl_input.c in Sources */ = {isa = PBXBuildFile; fileRef = E295532C21F623B600336DD3 /* cl_input.c */; };
		E295534921F6242C00336DD3 /* cmodel.c in Sources */ = {isa = PBXBuildFile; fileRef = E295534021F6242B00336DD3 /* cmodel.c */; };
		E295534A21F6242C00336DD3 /* cmd.c in Sources */ = {isa = PBXBuildFile; fileRef = E295534121F6242C00336DD3 /* cmd.c */; };
		E295534B21F6242C00336DD3 /* common.c in Sources */ = {isa = PBXBuildFile; fileRef = E295534221F6242C00336DD3 /* common.c */; };
		E295534C21F6242C00336DD3 /* net_chan.c in Sources */ = {isa = PBXBuildFile; fileRef = E295534321F6242C00336DD3 /* net_chan.c */; };
		E295534D21F6242C00336DD3 /* cvar.c in Sources */ = {isa = PBXBuildFile; fileRef = E295534421F6242C00336DD3 /* cvar.c */; };
		E295534E21F6242C00336DD3 /* crc.c in Sources */ = {isa = PBXBuildFile; fileRef = E295534521F6242C00336DD3 /* crc.c */; };
		E295534F21F6242C00336DD3 /* files.c in Sources */ = {isa = PBXBuildFile; fileRef = E295534621F6242C00336DD3 /* files.c */; };
		E295535021F6242C00336DD3 /* md4.c in Sources */ = {isa = PBXBuildFile; fileRef = E295534721F6242C00336DD3 /* md4.c */; };
		E295535121F6242C00336DD3 /* pmove.c in Sources */ = {isa = PBXBuildFile; fileRef = E295534821F6242C00336DD3 /* pmove.c */; };
		E295535321F6248C00336DD3 /* q_shared.c in Sources */ = {isa = PBXBuildFile; fileRef = E295535221F6248C00336DD3 /* q_shared.c */; };
		E295535C21F624D600336DD3 /* sv_send.c in Sources */ = {isa = PBXBuildFile; fileRef = E295535421F624D500336DD3 /* sv_send.c */; };
		E295535D21F624D600336DD3 /* sv_world.c in Sources */ = {isa = PBXBuildFile; fileRef = E295535521F624D500336DD3 /* sv_world.c */; };
		E295535E21F624D600336DD3 /* sv_main.c in Sources */ = {isa = PBXBuildFile; fileRef = E295535621F624D600336DD3 /* sv_main.c */; };
		E295535F21F624D600336DD3 /* sv_user.c in Sources */ = {isa = PBXBuildFile; fileRef = E295535721F624D600336DD3 /* sv_user.c */; };
		E295536021F624D600336DD3 /* sv_init.c in Sources */ = {isa = PBXBuildFile; fileRef = E295535821F624D600336DD3 /* sv_init.c */; };
		E295536121F624D600336DD3 /* sv_ccmds.c in Sources */ = {isa = PBXBuildFile; fileRef = E295535921F624D600336DD3 /* sv_ccmds.c */; };
		E295536221F624D600336DD3 /* sv_game.c in Sources */ = {isa = PBXBuildFile; fileRef = E295535A21F624D600336DD3 /* sv_game.c */; };
		E295536321F624D600336DD3 /* sv_ents.c in Sources */ = {isa = PBXBuildFile; fileRef = E295535B21F624D600336DD3 /* sv_ents.c */; };
/* End PBXBuildFile section */

/* Begin PBXCopyFilesBuildPhase section */
		E29552FB21F620FB00336DD3 /* CopyFiles */ = {
			isa = PBXCopyFilesBuildPhase;
			buildActionMask = 2147483647;
			dstPath = /usr/share/man/man1/;
			dstSubfolderSpec = 0;
			files = (
			);
			runOnlyForDeploymentPostprocessing = 1;
		};
/* End PBXCopyFilesBuildPhase section */

/* Begin PBXFileReference section */
		E229676722D5234D007492C8 /* cd_null.c */ = {isa = PBXFileReference; fileEncoding = 4; lastKnownFileType = sourcecode.c.c; name = cd_null.c; path = ../null/cd_null.c; sourceTree = "<group>"; };
		E229676922D5237D007492C8 /* snd_miniaudio.c */ = {isa = PBXFileReference; fileEncoding = 4; lastKnownFileType = sourcecode.c.c; name = snd_miniaudio.c; path = ../client/snd_miniaudio.c; sourceTree = "<group>"; };
		E229676B22D523A7007492C8 /* snd_miniaudio.h */ = {isa = PBXFileReference; fileEncoding = 4; lastKnownFileType = sourcecode.c.h; name = snd_miniaudio.h; path = ../client/snd_miniaudio.h; sourceTree = "<group>"; };
		E291111D21F70CC800AE0164 /* q_shmacos.c */ = {isa = PBXFileReference; fileEncoding = 4; lastKnownFileType = sourcecode.c.c; path = q_shmacos.c; sourceTree = "<group>"; };
		E291111F21F70CC900AE0164 /* vid_menu.c */ = {isa = PBXFileReference; fileEncoding = 4; lastKnownFileType = sourcecode.c.c; name = vid_menu.c; path = ../linux/vid_menu.c; sourceTree = "<group>"; };
		E291112021F70CC900AE0164 /* sys_macos.c */ = {isa = PBXFileReference; fileEncoding = 4; lastKnownFileType = sourcecode.c.c; path = sys_macos.c; sourceTree = "<group>"; };
		E291112221F70CC900AE0164 /* vid_dsym.c */ = {isa = PBXFileReference; fileEncoding = 4; lastKnownFileType = sourcecode.c.c; path = vid_dsym.c; sourceTree = "<group>"; };
		E291112921F7103600AE0164 /* m_flash.c */ = {isa = PBXFileReference; fileEncoding = 4; lastKnownFileType = sourcecode.c.c; name = m_flash.c; path = ../game/m_flash.c; sourceTree = "<group>"; };
		E291112B21F7108F00AE0164 /* net_udp.c */ = {isa = PBXFileReference; fileEncoding = 4; lastKnownFileType = sourcecode.c.c; name = net_udp.c; path = ../linux/net_udp.c; sourceTree = "<group>"; };
		E291112D21F71AE300AE0164 /* snd_macos.m */ = {isa = PBXFileReference; fileEncoding = 4; lastKnownFileType = sourcecode.c.objc; path = snd_macos.m; sourceTree = "<group>"; };
		E291112F21F71DE800AE0164 /* glob.c */ = {isa = PBXFileReference; fileEncoding = 4; lastKnownFileType = sourcecode.c.c; name = glob.c; path = ../linux/glob.c; sourceTree = "<group>"; };
		E291113121F71DF800AE0164 /* glob.h */ = {isa = PBXFileReference; fileEncoding = 4; lastKnownFileType = sourcecode.c.h; name = glob.h; path = ../linux/glob.h; sourceTree = "<group>"; };
		E29552FD21F620FB00336DD3 /* quake2 */ = {isa = PBXFileReference; explicitFileType = "compiled.mach-o.executable"; includeInIndex = 0; path = quake2; sourceTree = BUILT_PRODUCTS_DIR; };
		E295530921F6226100336DD3 /* vid.h */ = {isa = PBXFileReference; fileEncoding = 4; lastKnownFileType = sourcecode.c.h; name = vid.h; path = ../client/vid.h; sourceTree = "<group>"; };
		E295530A21F6226100336DD3 /* anorms.h */ = {isa = PBXFileReference; fileEncoding = 4; lastKnownFileType = sourcecode.c.h; name = anorms.h; path = ../client/anorms.h; sourceTree = "<group>"; };
		E295530B21F6226100336DD3 /* input.h */ = {isa = PBXFileReference; fileEncoding = 4; lastKnownFileType = sourcecode.c.h; name = input.h; path = ../client/input.h; sourceTree = "<group>"; };
		E295530C21F6226100336DD3 /* console.h */ = {isa = PBXFileReference; fileEncoding = 4; lastKnownFileType = sourcecode.c.h; name = console.h; path = ../client/console.h; sourceTree = "<group>"; };
		E295530D21F6226100336DD3 /* screen.h */ = {isa = PBXFileReference; fileEncoding = 4; lastKnownFileType = sourcecode.c.h; name = screen.h; path = ../client/screen.h; sourceTree = "<group>"; };
		E295530E21F6226100336DD3 /* keys.h */ = {isa = PBXFileReference; fileEncoding = 4; lastKnownFileType = sourcecode.c.h; name = keys.h; path = ../client/keys.h; sourceTree = "<group>"; };
		E295530F21F6226100336DD3 /* qmenu.h */ = {isa = PBXFileReference; fileEncoding = 4; lastKnownFileType = sourcecode.c.h; name = qmenu.h; path = ../client/qmenu.h; sourceTree = "<group>"; };
		E295531021F6226100336DD3 /* client.h */ = {isa = PBXFileReference; fileEncoding = 4; lastKnownFileType = sourcecode.c.h; name = client.h; path = ../client/client.h; sourceTree = "<group>"; };
		E295531121F6226100336DD3 /* cdaudio.h */ = {isa = PBXFileReference; fileEncoding = 4; lastKnownFileType = sourcecode.c.h; name = cdaudio.h; path = ../client/cdaudio.h; sourceTree = "<group>"; };
		E295531221F6226100336DD3 /* sound.h */ = {isa = PBXFileReference; fileEncoding = 4; lastKnownFileType = sourcecode.c.h; name = sound.h; path = ../client/sound.h; sourceTree = "<group>"; };
		E295531321F6226100336DD3 /* ref.h */ = {isa = PBXFileReference; fileEncoding = 4; lastKnownFileType = sourcecode.c.h; name = ref.h; path = ../client/ref.h; sourceTree = "<group>"; };
		E295531421F6226100336DD3 /* snd_loc.h */ = {isa = PBXFileReference; fileEncoding = 4; lastKnownFileType = sourcecode.c.h; name = snd_loc.h; path = ../client/snd_loc.h; sourceTree = "<group>"; };
		E295531521F6228000336DD3 /* game.h */ = {isa = PBXFileReference; fileEncoding = 4; lastKnownFileType = sourcecode.c.h; name = game.h; path = ../game/game.h; sourceTree = "<group>"; };
		E295531621F622C700336DD3 /* qcommon.h */ = {isa = PBXFileReference; fileEncoding = 4; lastKnownFileType = sourcecode.c.h; name = qcommon.h; path = ../qcommon/qcommon.h; sourceTree = "<group>"; };
		E295531721F622E000336DD3 /* q_shared.h */ = {isa = PBXFileReference; fileEncoding = 4; lastKnownFileType = sourcecode.c.h; name = q_shared.h; path = ../game/q_shared.h; sourceTree = "<group>"; };
		E295531821F6230A00336DD3 /* qfiles.h */ = {isa = PBXFileReference; fileEncoding = 4; lastKnownFileType = sourcecode.c.h; name = qfiles.h; path = ../qcommon/qfiles.h; sourceTree = "<group>"; };
		E295531921F6232300336DD3 /* server.h */ = {isa = PBXFileReference; fileEncoding = 4; lastKnownFileType = sourcecode.c.h; name = server.h; path = ../server/server.h; sourceTree = "<group>"; };
		E295531A21F623B500336DD3 /* cl_newfx.c */ = {isa = PBXFileReference; fileEncoding = 4; lastKnownFileType = sourcecode.c.c; name = cl_newfx.c; path = ../client/cl_newfx.c; sourceTree = "<group>"; };
		E295531B21F623B500336DD3 /* cl_tent.c */ = {isa = PBXFileReference; fileEncoding = 4; lastKnownFileType = sourcecode.c.c; name = cl_tent.c; path = ../client/cl_tent.c; sourceTree = "<group>"; };
		E295531C21F623B500336DD3 /* keys.c */ = {isa = PBXFileReference; fileEncoding = 4; lastKnownFileType = sourcecode.c.c; name = keys.c; path = ../client/keys.c; sourceTree = "<group>"; };
		E295531D21F623B500336DD3 /* cl_cin.c */ = {isa = PBXFileReference; fileEncoding = 4; lastKnownFileType = sourcecode.c.c; name = cl_cin.c; path = ../client/cl_cin.c; sourceTree = "<group>"; };
		E295531E21F623B500336DD3 /* cl_parse.c */ = {isa = PBXFileReference; fileEncoding = 4; lastKnownFileType = sourcecode.c.c; name = cl_parse.c; path = ../client/cl_parse.c; sourceTree = "<group>"; };
		E295531F21F623B500336DD3 /* snd_mem.c */ = {isa = PBXFileReference; fileEncoding = 4; lastKnownFileType = sourcecode.c.c; name = snd_mem.c; path = ../client/snd_mem.c; sourceTree = "<group>"; };
		E295532021F623B500336DD3 /* menu.c */ = {isa = PBXFileReference; fileEncoding = 4; lastKnownFileType = sourcecode.c.c; name = menu.c; path = ../client/menu.c; sourceTree = "<group>"; };
		E295532121F623B500336DD3 /* snd_mix.c */ = {isa = PBXFileReference; fileEncoding = 4; lastKnownFileType = sourcecode.c.c; name = snd_mix.c; path = ../client/snd_mix.c; sourceTree = "<group>"; };
		E295532221F623B500336DD3 /* cl_ents.c */ = {isa = PBXFileReference; fileEncoding = 4; lastKnownFileType = sourcecode.c.c; name = cl_ents.c; path = ../client/cl_ents.c; sourceTree = "<group>"; };
		E295532321F623B500336DD3 /* cl_inv.c */ = {isa = PBXFileReference; fileEncoding = 4; lastKnownFileType = sourcecode.c.c; name = cl_inv.c; path = ../client/cl_inv.c; sourceTree = "<group>"; };
		E295532421F623B500336DD3 /* cl_pred.c */ = {isa = PBXFileReference; fileEncoding = 4; lastKnownFileType = sourcecode.c.c; name = cl_pred.c; path = ../client/cl_pred.c; sourceTree = "<group>"; };
		E295532521F623B500336DD3 /* cl_view.c */ = {isa = PBXFileReference; fileEncoding = 4; lastKnownFileType = sourcecode.c.c; name = cl_view.c; path = ../client/cl_view.c; sourceTree = "<group>"; };
		E295532621F623B500336DD3 /* cl_scrn.c */ = {isa = PBXFileReference; fileEncoding = 4; lastKnownFileType = sourcecode.c.c; name = cl_scrn.c; path = ../client/cl_scrn.c; sourceTree = "<group>"; };
		E295532721F623B500336DD3 /* qmenu.c */ = {isa = PBXFileReference; fileEncoding = 4; lastKnownFileType = sourcecode.c.c; name = qmenu.c; path = ../client/qmenu.c; sourceTree = "<group>"; };
		E295532821F623B500336DD3 /* snd_dma.c */ = {isa = PBXFileReference; fileEncoding = 4; lastKnownFileType = sourcecode.c.c; name = snd_dma.c; path = ../client/snd_dma.c; sourceTree = "<group>"; };
		E295532921F623B500336DD3 /* cl_main.c */ = {isa = PBXFileReference; fileEncoding = 4; lastKnownFileType = sourcecode.c.c; name = cl_main.c; path = ../client/cl_main.c; sourceTree = "<group>"; };
		E295532A21F623B600336DD3 /* console.c */ = {isa = PBXFileReference; fileEncoding = 4; lastKnownFileType = sourcecode.c.c; name = console.c; path = ../client/console.c; sourceTree = "<group>"; };
		E295532B21F623B600336DD3 /* cl_fx.c */ = {isa = PBXFileReference; fileEncoding = 4; lastKnownFileType = sourcecode.c.c; name = cl_fx.c; path = ../client/cl_fx.c; sourceTree = "<group>"; };
		E295532C21F623B600336DD3 /* cl_input.c */ = {isa = PBXFileReference; fileEncoding = 4; lastKnownFileType = sourcecode.c.c; name = cl_input.c; path = ../client/cl_input.c; sourceTree = "<group>"; };
		E295534021F6242B00336DD3 /* cmodel.c */ = {isa = PBXFileReference; fileEncoding = 4; lastKnownFileType = sourcecode.c.c; name = cmodel.c; path = ../qcommon/cmodel.c; sourceTree = "<group>"; };
		E295534121F6242C00336DD3 /* cmd.c */ = {isa = PBXFileReference; fileEncoding = 4; lastKnownFileType = sourcecode.c.c; name = cmd.c; path = ../qcommon/cmd.c; sourceTree = "<group>"; };
		E295534221F6242C00336DD3 /* common.c */ = {isa = PBXFileReference; fileEncoding = 4; lastKnownFileType = sourcecode.c.c; name = common.c; path = ../qcommon/common.c; sourceTree = "<group>"; };
		E295534321F6242C00336DD3 /* net_chan.c */ = {isa = PBXFileReference; fileEncoding = 4; lastKnownFileType = sourcecode.c.c; name = net_chan.c; path = ../qcommon/net_chan.c; sourceTree = "<group>"; };
		E295534421F6242C00336DD3 /* cvar.c */ = {isa = PBXFileReference; fileEncoding = 4; lastKnownFileType = sourcecode.c.c; name = cvar.c; path = ../qcommon/cvar.c; sourceTree = "<group>"; };
		E295534521F6242C00336DD3 /* crc.c */ = {isa = PBXFileReference; fileEncoding = 4; lastKnownFileType = sourcecode.c.c; name = crc.c; path = ../qcommon/crc.c; sourceTree = "<group>"; };
		E295534621F6242C00336DD3 /* files.c */ = {isa = PBXFileReference; fileEncoding = 4; lastKnownFileType = sourcecode.c.c; name = files.c; path = ../qcommon/files.c; sourceTree = "<group>"; };
		E295534721F6242C00336DD3 /* md4.c */ = {isa = PBXFileReference; fileEncoding = 4; lastKnownFileType = sourcecode.c.c; name = md4.c; path = ../qcommon/md4.c; sourceTree = "<group>"; };
		E295534821F6242C00336DD3 /* pmove.c */ = {isa = PBXFileReference; fileEncoding = 4; lastKnownFileType = sourcecode.c.c; name = pmove.c; path = ../qcommon/pmove.c; sourceTree = "<group>"; };
		E295535221F6248C00336DD3 /* q_shared.c */ = {isa = PBXFileReference; fileEncoding = 4; lastKnownFileType = sourcecode.c.c; name = q_shared.c; path = ../game/q_shared.c; sourceTree = "<group>"; };
		E295535421F624D500336DD3 /* sv_send.c */ = {isa = PBXFileReference; fileEncoding = 4; lastKnownFileType = sourcecode.c.c; name = sv_send.c; path = ../server/sv_send.c; sourceTree = "<group>"; };
		E295535521F624D500336DD3 /* sv_world.c */ = {isa = PBXFileReference; fileEncoding = 4; lastKnownFileType = sourcecode.c.c; name = sv_world.c; path = ../server/sv_world.c; sourceTree = "<group>"; };
		E295535621F624D600336DD3 /* sv_main.c */ = {isa = PBXFileReference; fileEncoding = 4; lastKnownFileType = sourcecode.c.c; name = sv_main.c; path = ../server/sv_main.c; sourceTree = "<group>"; };
		E295535721F624D600336DD3 /* sv_user.c */ = {isa = PBXFileReference; fileEncoding = 4; lastKnownFileType = sourcecode.c.c; name = sv_user.c; path = ../server/sv_user.c; sourceTree = "<group>"; };
		E295535821F624D600336DD3 /* sv_init.c */ = {isa = PBXFileReference; fileEncoding = 4; lastKnownFileType = sourcecode.c.c; name = sv_init.c; path = ../server/sv_init.c; sourceTree = "<group>"; };
		E295535921F624D600336DD3 /* sv_ccmds.c */ = {isa = PBXFileReference; fileEncoding = 4; lastKnownFileType = sourcecode.c.c; name = sv_ccmds.c; path = ../server/sv_ccmds.c; sourceTree = "<group>"; };
		E295535A21F624D600336DD3 /* sv_game.c */ = {isa = PBXFileReference; fileEncoding = 4; lastKnownFileType = sourcecode.c.c; name = sv_game.c; path = ../server/sv_game.c; sourceTree = "<group>"; };
		E295535B21F624D600336DD3 /* sv_ents.c */ = {isa = PBXFileReference; fileEncoding = 4; lastKnownFileType = sourcecode.c.c; name = sv_ents.c; path = ../server/sv_ents.c; sourceTree = "<group>"; };
/* End PBXFileReference section */

/* Begin PBXFrameworksBuildPhase section */
		E29552FA21F620FB00336DD3 /* Frameworks */ = {
			isa = PBXFrameworksBuildPhase;
			buildActionMask = 2147483647;
			files = (
			);
			runOnlyForDeploymentPostprocessing = 0;
		};
/* End PBXFrameworksBuildPhase section */

/* Begin PBXGroup section */
		E29552F421F620FB00336DD3 = {
			isa = PBXGroup;
			children = (
				E295530821F6217A00336DD3 /* Headers */,
				E295530721F6217000336DD3 /* Sources */,
				E29552FE21F620FB00336DD3 /* Products */,
			);
			sourceTree = "<group>";
			usesTabs = 1;
		};
		E29552FE21F620FB00336DD3 /* Products */ = {
			isa = PBXGroup;
			children = (
				E29552FD21F620FB00336DD3 /* quake2 */,
			);
			name = Products;
			sourceTree = "<group>";
		};
		E295530721F6217000336DD3 /* Sources */ = {
			isa = PBXGroup;
			children = (
				E229676722D5234D007492C8 /* cd_null.c */,
				E295531D21F623B500336DD3 /* cl_cin.c */,
				E295532221F623B500336DD3 /* cl_ents.c */,
				E295532B21F623B600336DD3 /* cl_fx.c */,
				E295532C21F623B600336DD3 /* cl_input.c */,
				E295532321F623B500336DD3 /* cl_inv.c */,
				E295532921F623B500336DD3 /* cl_main.c */,
				E295531A21F623B500336DD3 /* cl_newfx.c */,
				E295531E21F623B500336DD3 /* cl_parse.c */,
				E295532421F623B500336DD3 /* cl_pred.c */,
				E295532621F623B500336DD3 /* cl_scrn.c */,
				E295531B21F623B500336DD3 /* cl_tent.c */,
				E295532521F623B500336DD3 /* cl_view.c */,
				E295534121F6242C00336DD3 /* cmd.c */,
				E295534021F6242B00336DD3 /* cmodel.c */,
				E295534221F6242C00336DD3 /* common.c */,
				E295532A21F623B600336DD3 /* console.c */,
				E295534521F6242C00336DD3 /* crc.c */,
				E295534421F6242C00336DD3 /* cvar.c */,
				E295534621F6242C00336DD3 /* files.c */,
				E291112F21F71DE800AE0164 /* glob.c */,
				E295531C21F623B500336DD3 /* keys.c */,
				E291112921F7103600AE0164 /* m_flash.c */,
				E295534721F6242C00336DD3 /* md4.c */,
				E295532021F623B500336DD3 /* menu.c */,
				E295534321F6242C00336DD3 /* net_chan.c */,
				E291112B21F7108F00AE0164 /* net_udp.c */,
				E295534821F6242C00336DD3 /* pmove.c */,
				E295535221F6248C00336DD3 /* q_shared.c */,
				E291111D21F70CC800AE0164 /* q_shmacos.c */,
				E295532721F623B500336DD3 /* qmenu.c */,
				E295532821F623B500336DD3 /* snd_dma.c */,
				E291112D21F71AE300AE0164 /* snd_macos.m */,
				E229676922D5237D007492C8 /* snd_miniaudio.c */,
				E295531F21F623B500336DD3 /* snd_mem.c */,
				E295532121F623B500336DD3 /* snd_mix.c */,
				E295535921F624D600336DD3 /* sv_ccmds.c */,
				E295535B21F624D600336DD3 /* sv_ents.c */,
				E295535A21F624D600336DD3 /* sv_game.c */,
				E295535821F624D600336DD3 /* sv_init.c */,
				E295535621F624D600336DD3 /* sv_main.c */,
				E295535421F624D500336DD3 /* sv_send.c */,
				E295535721F624D600336DD3 /* sv_user.c */,
				E295535521F624D500336DD3 /* sv_world.c */,
				E291112021F70CC900AE0164 /* sys_macos.c */,
				E291112221F70CC900AE0164 /* vid_dsym.c */,
				E291111F21F70CC900AE0164 /* vid_menu.c */,
			);
			name = Sources;
			sourceTree = "<group>";
		};
		E295530821F6217A00336DD3 /* Headers */ = {
			isa = PBXGroup;
			children = (
				E295530A21F6226100336DD3 /* anorms.h */,
				E295531121F6226100336DD3 /* cdaudio.h */,
				E295531021F6226100336DD3 /* client.h */,
				E295530C21F6226100336DD3 /* console.h */,
				E295531521F6228000336DD3 /* game.h */,
				E291113121F71DF800AE0164 /* glob.h */,
				E295530B21F6226100336DD3 /* input.h */,
				E295530E21F6226100336DD3 /* keys.h */,
				E295531721F622E000336DD3 /* q_shared.h */,
				E295531621F622C700336DD3 /* qcommon.h */,
				E295531821F6230A00336DD3 /* qfiles.h */,
				E295530F21F6226100336DD3 /* qmenu.h */,
				E295531321F6226100336DD3 /* ref.h */,
				E295530D21F6226100336DD3 /* screen.h */,
				E295531921F6232300336DD3 /* server.h */,
				E295531421F6226100336DD3 /* snd_loc.h */,
				E229676B22D523A7007492C8 /* snd_miniaudio.h */,
				E295531221F6226100336DD3 /* sound.h */,
				E295530921F6226100336DD3 /* vid.h */,
			);
			name = Headers;
			sourceTree = "<group>";
		};
/* End PBXGroup section */

/* Begin PBXNativeTarget section */
		E29552FC21F620FB00336DD3 /* quake2 */ = {
			isa = PBXNativeTarget;
			buildConfigurationList = E295530421F620FB00336DD3 /* Build configuration list for PBXNativeTarget "quake2" */;
			buildPhases = (
				E29552F921F620FB00336DD3 /* Sources */,
				E29552FA21F620FB00336DD3 /* Frameworks */,
				E29552FB21F620FB00336DD3 /* CopyFiles */,
				E296564421F8853000BEC8E0 /* ShellScript */,
			);
			buildRules = (
			);
			dependencies = (
			);
			name = quake2;
			productName = quake2;
			productReference = E29552FD21F620FB00336DD3 /* quake2 */;
			productType = "com.apple.product-type.tool";
		};
/* End PBXNativeTarget section */

/* Begin PBXProject section */
		E29552F521F620FB00336DD3 /* Project object */ = {
			isa = PBXProject;
			attributes = {
				LastUpgradeCheck = 1130;
				ORGANIZATIONNAME = Krzysztof;
				TargetAttributes = {
					E29552FC21F620FB00336DD3 = {
						CreatedOnToolsVersion = 10.1;
					};
				};
			};
			buildConfigurationList = E29552F821F620FB00336DD3 /* Build configuration list for PBXProject "quake2" */;
			compatibilityVersion = "Xcode 9.3";
			developmentRegion = en;
			hasScannedForEncodings = 0;
			knownRegions = (
				en,
				Base,
			);
			mainGroup = E29552F421F620FB00336DD3;
			productRefGroup = E29552FE21F620FB00336DD3 /* Products */;
			projectDirPath = "";
			projectRoot = "";
			targets = (
				E29552FC21F620FB00336DD3 /* quake2 */,
			);
		};
/* End PBXProject section */

/* Begin PBXShellScriptBuildPhase section */
		E296564421F8853000BEC8E0 /* ShellScript */ = {
			isa = PBXShellScriptBuildPhase;
			buildActionMask = 2147483647;
			files = (
			);
			inputFileListPaths = (
			);
			inputPaths = (
			);
			outputFileListPaths = (
			);
			outputPaths = (
			);
			runOnlyForDeploymentPostprocessing = 0;
			shellPath = /bin/sh;
			shellScript = "mkdir -p ${PROJECT_DIR}/../macos/vkQuake2\ncp -f ${BUILT_PRODUCTS_DIR}/${EXECUTABLE_NAME} ${PROJECT_DIR}/../macos/vkQuake2\n";
		};
/* End PBXShellScriptBuildPhase section */

/* Begin PBXSourcesBuildPhase section */
		E29552F921F620FB00336DD3 /* Sources */ = {
			isa = PBXSourcesBuildPhase;
			buildActionMask = 2147483647;
			files = (
				E295533521F623B600336DD3 /* cl_ents.c in Sources */,
				E295532D21F623B600336DD3 /* cl_newfx.c in Sources */,
				E295534B21F6242C00336DD3 /* common.c in Sources */,
				E295535D21F624D600336DD3 /* sv_world.c in Sources */,
				E295533721F623B600336DD3 /* cl_pred.c in Sources */,
				E291112821F70CC900AE0164 /* vid_dsym.c in Sources */,
				E295533821F623B600336DD3 /* cl_view.c in Sources */,
				E295533A21F623B600336DD3 /* qmenu.c in Sources */,
				E295536121F624D600336DD3 /* sv_ccmds.c in Sources */,
				E295535E21F624D600336DD3 /* sv_main.c in Sources */,
				E295536021F624D600336DD3 /* sv_init.c in Sources */,
				E291112A21F7103600AE0164 /* m_flash.c in Sources */,
				E295534921F6242C00336DD3 /* cmodel.c in Sources */,
				E295533221F623B600336DD3 /* snd_mem.c in Sources */,
				E295533021F623B600336DD3 /* cl_cin.c in Sources */,
				E295534E21F6242C00336DD3 /* crc.c in Sources */,
				E295535321F6248C00336DD3 /* q_shared.c in Sources */,
				E295533621F623B600336DD3 /* cl_inv.c in Sources */,
				E291112321F70CC900AE0164 /* q_shmacos.c in Sources */,
				E291112521F70CC900AE0164 /* vid_menu.c in Sources */,
				E295534F21F6242C00336DD3 /* files.c in Sources */,
				E295532F21F623B600336DD3 /* keys.c in Sources */,
				E295534C21F6242C00336DD3 /* net_chan.c in Sources */,
				E295533D21F623B600336DD3 /* console.c in Sources */,
				E295533921F623B600336DD3 /* cl_scrn.c in Sources */,
				E229676A22D5237D007492C8 /* snd_miniaudio.c in Sources */,
				E295533B21F623B600336DD3 /* snd_dma.c in Sources */,
				E295533E21F623B600336DD3 /* cl_fx.c in Sources */,
				E295535021F6242C00336DD3 /* md4.c in Sources */,
				E291112E21F71AE300AE0164 /* snd_macos.m in Sources */,
				E295533F21F623B600336DD3 /* cl_input.c in Sources */,
				E295533421F623B600336DD3 /* snd_mix.c in Sources */,
				E295532E21F623B600336DD3 /* cl_tent.c in Sources */,
				E229676822D5234D007492C8 /* cd_null.c in Sources */,
				E295534D21F6242C00336DD3 /* cvar.c in Sources */,
				E295536321F624D600336DD3 /* sv_ents.c in Sources */,
				E295536221F624D600336DD3 /* sv_game.c in Sources */,
				E295533C21F623B600336DD3 /* cl_main.c in Sources */,
				E291112C21F7108F00AE0164 /* net_udp.c in Sources */,
				E295534A21F6242C00336DD3 /* cmd.c in Sources */,
				E295535F21F624D600336DD3 /* sv_user.c in Sources */,
				E295533321F623B600336DD3 /* menu.c in Sources */,
				E295533121F623B600336DD3 /* cl_parse.c in Sources */,
				E295535C21F624D600336DD3 /* sv_send.c in Sources */,
				E291112621F70CC900AE0164 /* sys_macos.c in Sources */,
				E291113021F71DE800AE0164 /* glob.c in Sources */,
				E295535121F6242C00336DD3 /* pmove.c in Sources */,
			);
			runOnlyForDeploymentPostprocessing = 0;
		};
/* End PBXSourcesBuildPhase section */

/* Begin XCBuildConfiguration section */
		E295530221F620FB00336DD3 /* Debug */ = {
			isa = XCBuildConfiguration;
			buildSettings = {
				ALWAYS_SEARCH_USER_PATHS = NO;
				CLANG_ANALYZER_NONNULL = YES;
				CLANG_ANALYZER_NUMBER_OBJECT_CONVERSION = YES_AGGRESSIVE;
				CLANG_CXX_LANGUAGE_STANDARD = "gnu++14";
				CLANG_CXX_LIBRARY = "libc++";
				CLANG_ENABLE_MODULES = YES;
				CLANG_ENABLE_OBJC_ARC = YES;
				CLANG_ENABLE_OBJC_WEAK = YES;
				CLANG_WARN_BLOCK_CAPTURE_AUTORELEASING = YES;
				CLANG_WARN_BOOL_CONVERSION = YES;
				CLANG_WARN_COMMA = YES;
				CLANG_WARN_CONSTANT_CONVERSION = YES;
				CLANG_WARN_DEPRECATED_OBJC_IMPLEMENTATIONS = YES;
				CLANG_WARN_DIRECT_OBJC_ISA_USAGE = YES_ERROR;
				CLANG_WARN_DOCUMENTATION_COMMENTS = YES;
				CLANG_WARN_EMPTY_BODY = YES;
				CLANG_WARN_ENUM_CONVERSION = YES;
				CLANG_WARN_INFINITE_RECURSION = YES;
				CLANG_WARN_INT_CONVERSION = YES;
				CLANG_WARN_NON_LITERAL_NULL_CONVERSION = YES;
				CLANG_WARN_OBJC_IMPLICIT_RETAIN_SELF = YES;
				CLANG_WARN_OBJC_LITERAL_CONVERSION = YES;
				CLANG_WARN_OBJC_ROOT_CLASS = YES_ERROR;
				CLANG_WARN_RANGE_LOOP_ANALYSIS = YES;
				CLANG_WARN_STRICT_PROTOTYPES = YES;
				CLANG_WARN_SUSPICIOUS_MOVE = YES;
				CLANG_WARN_UNGUARDED_AVAILABILITY = YES_AGGRESSIVE;
				CLANG_WARN_UNREACHABLE_CODE = YES;
				CLANG_WARN__DUPLICATE_METHOD_MATCH = YES;
				CODE_SIGN_IDENTITY = "-";
				COPY_PHASE_STRIP = NO;
				DEBUG_INFORMATION_FORMAT = dwarf;
				ENABLE_STRICT_OBJC_MSGSEND = YES;
				ENABLE_TESTABILITY = YES;
				GCC_C_LANGUAGE_STANDARD = gnu11;
				GCC_DYNAMIC_NO_PIC = NO;
				GCC_NO_COMMON_BLOCKS = YES;
				GCC_OPTIMIZATION_LEVEL = 0;
				GCC_PREPROCESSOR_DEFINITIONS = (
					"DEBUG=1",
					"$(inherited)",
				);
				GCC_WARN_64_TO_32_BIT_CONVERSION = YES;
				GCC_WARN_ABOUT_RETURN_TYPE = YES_ERROR;
				GCC_WARN_UNDECLARED_SELECTOR = YES;
				GCC_WARN_UNINITIALIZED_AUTOS = YES_AGGRESSIVE;
				GCC_WARN_UNUSED_FUNCTION = YES;
				GCC_WARN_UNUSED_VARIABLE = YES;
				MACOSX_DEPLOYMENT_TARGET = 10.14;
				MTL_ENABLE_DEBUG_INFO = INCLUDE_SOURCE;
				MTL_FAST_MATH = YES;
				ONLY_ACTIVE_ARCH = YES;
				SDKROOT = macosx;
			};
			name = Debug;
		};
		E295530321F620FB00336DD3 /* Release */ = {
			isa = XCBuildConfiguration;
			buildSettings = {
				ALWAYS_SEARCH_USER_PATHS = NO;
				CLANG_ANALYZER_NONNULL = YES;
				CLANG_ANALYZER_NUMBER_OBJECT_CONVERSION = YES_AGGRESSIVE;
				CLANG_CXX_LANGUAGE_STANDARD = "gnu++14";
				CLANG_CXX_LIBRARY = "libc++";
				CLANG_ENABLE_MODULES = YES;
				CLANG_ENABLE_OBJC_ARC = YES;
				CLANG_ENABLE_OBJC_WEAK = YES;
				CLANG_WARN_BLOCK_CAPTURE_AUTORELEASING = YES;
				CLANG_WARN_BOOL_CONVERSION = YES;
				CLANG_WARN_COMMA = YES;
				CLANG_WARN_CONSTANT_CONVERSION = YES;
				CLANG_WARN_DEPRECATED_OBJC_IMPLEMENTATIONS = YES;
				CLANG_WARN_DIRECT_OBJC_ISA_USAGE = YES_ERROR;
				CLANG_WARN_DOCUMENTATION_COMMENTS = YES;
				CLANG_WARN_EMPTY_BODY = YES;
				CLANG_WARN_ENUM_CONVERSION = YES;
				CLANG_WARN_INFINITE_RECURSION = YES;
				CLANG_WARN_INT_CONVERSION = YES;
				CLANG_WARN_NON_LITERAL_NULL_CONVERSION = YES;
				CLANG_WARN_OBJC_IMPLICIT_RETAIN_SELF = YES;
				CLANG_WARN_OBJC_LITERAL_CONVERSION = YES;
				CLANG_WARN_OBJC_ROOT_CLASS = YES_ERROR;
				CLANG_WARN_RANGE_LOOP_ANALYSIS = YES;
				CLANG_WARN_STRICT_PROTOTYPES = YES;
				CLANG_WARN_SUSPICIOUS_MOVE = YES;
				CLANG_WARN_UNGUARDED_AVAILABILITY = YES_AGGRESSIVE;
				CLANG_WARN_UNREACHABLE_CODE = YES;
				CLANG_WARN__DUPLICATE_METHOD_MATCH = YES;
				CODE_SIGN_IDENTITY = "-";
				COPY_PHASE_STRIP = NO;
				DEBUG_INFORMATION_FORMAT = "dwarf-with-dsym";
				ENABLE_NS_ASSERTIONS = NO;
				ENABLE_STRICT_OBJC_MSGSEND = YES;
				GCC_C_LANGUAGE_STANDARD = gnu11;
				GCC_NO_COMMON_BLOCKS = YES;
				GCC_WARN_64_TO_32_BIT_CONVERSION = YES;
				GCC_WARN_ABOUT_RETURN_TYPE = YES_ERROR;
				GCC_WARN_UNDECLARED_SELECTOR = YES;
				GCC_WARN_UNINITIALIZED_AUTOS = YES_AGGRESSIVE;
				GCC_WARN_UNUSED_FUNCTION = YES;
				GCC_WARN_UNUSED_VARIABLE = YES;
				MACOSX_DEPLOYMENT_TARGET = 10.14;
				MTL_ENABLE_DEBUG_INFO = NO;
				MTL_FAST_MATH = YES;
				SDKROOT = macosx;
			};
			name = Release;
		};
		E295530521F620FB00336DD3 /* Debug */ = {
			isa = XCBuildConfiguration;
			buildSettings = {
				CODE_SIGN_IDENTITY = "-";
				CODE_SIGN_STYLE = Automatic;
				"LD_RUNPATH_SEARCH_PATHS[arch=*]" = $VULKAN_SDK/macOS/lib;
				"OTHER_CFLAGS[arch=*]" = (
					"-D_DEBUG",
					"-Wno-dangling-else",
					"-Wno-unused-function",
					"-Wno-comma",
					"-Wno-shorten-64-to-32",
					"-Wno-pointer-sign",
				);
				PRODUCT_NAME = "$(TARGET_NAME)";
				VALID_ARCHS = x86_64;
			};
			name = Debug;
		};
		E295530621F620FB00336DD3 /* Release */ = {
			isa = XCBuildConfiguration;
			buildSettings = {
				CODE_SIGN_IDENTITY = "-";
				CODE_SIGN_STYLE = Automatic;
				"LD_RUNPATH_SEARCH_PATHS[arch=*]" = $VULKAN_SDK/macOS/lib;
				"OTHER_CFLAGS[arch=*]" = (
					"-DNDEBUG",
					"-Wno-dangling-else",
					"-Wno-unused-function",
					"-Wno-comma",
					"-Wno-shorten-64-to-32",
					"-Wno-pointer-sign",
				);
				PRODUCT_NAME = "$(TARGET_NAME)";
				VALID_ARCHS = x86_64;
			};
			name = Release;
		};
/* End XCBuildConfiguration section */

/* Begin XCConfigurationList section */
		E29552F821F620FB00336DD3 /* Build configuration list for PBXProject "quake2" */ = {
			isa = XCConfigurationList;
			buildConfigurations = (
				E295530221F620FB00336DD3 /* Debug */,
				E295530321F620FB00336DD3 /* Release */,
			);
			defaultConfigurationIsVisible = 0;
			defaultConfigurationName = Release;
		};
		E295530421F620FB00336DD3 /* Build configuration list for PBXNativeTarget "quake2" */ = {
			isa = XCConfigurationList;
			buildConfigurations = (
				E295530521F620FB00336DD3 /* Debug */,
				E295530621F620FB00336DD3 /* Release */,
			);
			defaultConfigurationIsVisible = 0;
			defaultConfigurationName = Release;
		};
/* End XCConfigurationList section */
	};
	rootObject = E29552F521F620FB00336DD3 /* Project object */;
}
